// !$*UTF8*$!
{
	archiveVersion = 1;
	classes = {
	};
	objectVersion = 56;
	objects = {

/* Begin PBXBuildFile section */
		D64DD7502B1B8C910066BB7E /* Whatsapp.swift in Sources */ = {isa = PBXBuildFile; fileRef = D64DD74F2B1B8C910066BB7E /* Whatsapp.swift */; };
		D64DD75B2B2273470066BB7E /* DashboardView.swift in Sources */ = {isa = PBXBuildFile; fileRef = D64DD75A2B2273470066BB7E /* DashboardView.swift */; };
		D64DD75E2B22743D0066BB7E /* SwiftUICharts in Frameworks */ = {isa = PBXBuildFile; productRef = D64DD75D2B22743D0066BB7E /* SwiftUICharts */; };
		D657A2822B516CF60009FCD6 /* ShoppingList.swift in Sources */ = {isa = PBXBuildFile; fileRef = D657A2812B516CF60009FCD6 /* ShoppingList.swift */; };
		D657A2842B516D5F0009FCD6 /* ShoppingListView.swift in Sources */ = {isa = PBXBuildFile; fileRef = D657A2832B516D5F0009FCD6 /* ShoppingListView.swift */; };
		D66262192B3996D80003608B /* AdsViews.swift in Sources */ = {isa = PBXBuildFile; fileRef = D66262182B3996D80003608B /* AdsViews.swift */; };
		D6674D012ACB9544003DE4BB /* ReceiptView.swift in Sources */ = {isa = PBXBuildFile; fileRef = D6674D002ACB9544003DE4BB /* ReceiptView.swift */; };
		D6674D032ACB9B75003DE4BB /* SharePDFView.swift in Sources */ = {isa = PBXBuildFile; fileRef = D6674D022ACB9B75003DE4BB /* SharePDFView.swift */; };
		D6674D052ACBA1B4003DE4BB /* AllReceiptsView.swift in Sources */ = {isa = PBXBuildFile; fileRef = D6674D042ACBA1B4003DE4BB /* AllReceiptsView.swift */; };
		D6674D072ACBA629003DE4BB /* ReceiptRowView.swift in Sources */ = {isa = PBXBuildFile; fileRef = D6674D062ACBA629003DE4BB /* ReceiptRowView.swift */; };
		D66A36DF2B26275C00A921CF /* WelcomeView.swift in Sources */ = {isa = PBXBuildFile; fileRef = D66A36DE2B26275C00A921CF /* WelcomeView.swift */; };
		D66A36E22B2636A800A921CF /* GoogleSignIn in Frameworks */ = {isa = PBXBuildFile; productRef = D66A36E12B2636A800A921CF /* GoogleSignIn */; };
		D66A36E42B2636A800A921CF /* GoogleSignInSwift in Frameworks */ = {isa = PBXBuildFile; productRef = D66A36E32B2636A800A921CF /* GoogleSignInSwift */; };
		D66A36FD2B27364100A921CF /* FirebaseAnalytics in Frameworks */ = {isa = PBXBuildFile; productRef = D66A36FC2B27364100A921CF /* FirebaseAnalytics */; };
		D66A36FF2B27364100A921CF /* FirebaseAnalyticsSwift in Frameworks */ = {isa = PBXBuildFile; productRef = D66A36FE2B27364100A921CF /* FirebaseAnalyticsSwift */; };
		D66A37012B27364100A921CF /* FirebaseAuth in Frameworks */ = {isa = PBXBuildFile; productRef = D66A37002B27364100A921CF /* FirebaseAuth */; };
		D66A37032B27364100A921CF /* FirebaseAuthCombine-Community in Frameworks */ = {isa = PBXBuildFile; productRef = D66A37022B27364100A921CF /* FirebaseAuthCombine-Community */; };
		D66A37092B28801200A921CF /* FirebAuth.swift in Sources */ = {isa = PBXBuildFile; fileRef = D66A37082B28801200A921CF /* FirebAuth.swift */; };
		D66A370B2B28803300A921CF /* +View.swift in Sources */ = {isa = PBXBuildFile; fileRef = D66A370A2B28803300A921CF /* +View.swift */; };
		D66A370D2B2880BF00A921CF /* GoogleSiginBtn.swift in Sources */ = {isa = PBXBuildFile; fileRef = D66A370C2B2880BF00A921CF /* GoogleSiginBtn.swift */; };
		D66A370F2B289B3500A921CF /* SignInView.swift in Sources */ = {isa = PBXBuildFile; fileRef = D66A370E2B289B3500A921CF /* SignInView.swift */; };
		D66A37112B28A5F000A921CF /* AppleButtonView.swift in Sources */ = {isa = PBXBuildFile; fileRef = D66A37102B28A5F000A921CF /* AppleButtonView.swift */; };
		D66A37132B28A79F00A921CF /* AppleButtonLogic.swift in Sources */ = {isa = PBXBuildFile; fileRef = D66A37122B28A79E00A921CF /* AppleButtonLogic.swift */; };
		D66A37152B28ABD200A921CF /* AuthService.swift in Sources */ = {isa = PBXBuildFile; fileRef = D66A37142B28ABD200A921CF /* AuthService.swift */; };
		D66A371A2B28F34000A921CF /* GoogleMobileAds in Frameworks */ = {isa = PBXBuildFile; productRef = D66A37192B28F34000A921CF /* GoogleMobileAds */; };
		D66A371C2B29096700A921CF /* ItemDetailsView.swift in Sources */ = {isa = PBXBuildFile; fileRef = D66A371B2B29096700A921CF /* ItemDetailsView.swift */; };
		D66A371E2B290F4700A921CF /* EditOrderView.swift in Sources */ = {isa = PBXBuildFile; fileRef = D66A371D2B290F4700A921CF /* EditOrderView.swift */; };
		D66A37202B2B3EA600A921CF /* FirebaseMessaging in Frameworks */ = {isa = PBXBuildFile; productRef = D66A371F2B2B3EA600A921CF /* FirebaseMessaging */; };
		D68867E02ACA247A00BCE734 /* SearchBar.swift in Sources */ = {isa = PBXBuildFile; fileRef = D68867DF2ACA247900BCE734 /* SearchBar.swift */; };
		D68CEA202B52EE25006D4933 /* Encryption.swift in Sources */ = {isa = PBXBuildFile; fileRef = D68CEA1F2B52EE25006D4933 /* Encryption.swift */; };
		D68CEA222B52FE43006D4933 /* User.swift in Sources */ = {isa = PBXBuildFile; fileRef = D68CEA212B52FE43006D4933 /* User.swift */; };
		D68CEA242B52FEB3006D4933 /* UserRoleView.swift in Sources */ = {isa = PBXBuildFile; fileRef = D68CEA232B52FEB3006D4933 /* UserRoleView.swift */; };
		D68CEA262B53028C006D4933 /* VendorTypeView.swift in Sources */ = {isa = PBXBuildFile; fileRef = D68CEA252B53028C006D4933 /* VendorTypeView.swift */; };
		D68CEA282B53047F006D4933 /* CustomerContentView.swift in Sources */ = {isa = PBXBuildFile; fileRef = D68CEA272B53047F006D4933 /* CustomerContentView.swift */; };
		D68CEA2B2B53ECF5006D4933 /* CustomButtonStyle.swift in Sources */ = {isa = PBXBuildFile; fileRef = D68CEA2A2B53ECF5006D4933 /* CustomButtonStyle.swift */; };
		D68CEA322B5406A2006D4933 /* Router.swift in Sources */ = {isa = PBXBuildFile; fileRef = D68CEA312B5406A2006D4933 /* Router.swift */; };
		D69E2A652B5F0D8C004F0D5C /* Vendor.swift in Sources */ = {isa = PBXBuildFile; fileRef = D69E2A642B5F0D8C004F0D5C /* Vendor.swift */; };
		D69E2A672B5FE0DA004F0D5C /* BusinessDetailsView.swift in Sources */ = {isa = PBXBuildFile; fileRef = D69E2A662B5FE0D9004F0D5C /* BusinessDetailsView.swift */; };
		D69E2A692B600864004F0D5C /* NavigationManager.swift in Sources */ = {isa = PBXBuildFile; fileRef = D69E2A682B600864004F0D5C /* NavigationManager.swift */; };
		D69E2A6B2B600F91004F0D5C /* MainViewOther.swift in Sources */ = {isa = PBXBuildFile; fileRef = D69E2A6A2B600F91004F0D5C /* MainViewOther.swift */; };
		D69E2A6E2B60564E004F0D5C /* CustomCheckBox.swift in Sources */ = {isa = PBXBuildFile; fileRef = D69E2A6D2B60564E004F0D5C /* CustomCheckBox.swift */; };
		D69E2A702B606469004F0D5C /* ShoppingListOtherView.swift in Sources */ = {isa = PBXBuildFile; fileRef = D69E2A6F2B606469004F0D5C /* ShoppingListOtherView.swift */; };
		D6AF62C42B126DCA0056C973 /* Toast.swift in Sources */ = {isa = PBXBuildFile; fileRef = D6AF62C32B126DCA0056C973 /* Toast.swift */; };
		D6AF62D02B12BCB90056C973 /* InventoryItem.swift in Sources */ = {isa = PBXBuildFile; fileRef = D6AF62CF2B12BCB90056C973 /* InventoryItem.swift */; };
		D6AF62D42B12BDAB0056C973 /* InventoryContentView.swift in Sources */ = {isa = PBXBuildFile; fileRef = D6AF62D32B12BDAB0056C973 /* InventoryContentView.swift */; };
		D6AF62D82B12C2990056C973 /* AddItemView.swift in Sources */ = {isa = PBXBuildFile; fileRef = D6AF62D72B12C2990056C973 /* AddItemView.swift */; };
		D6AF62DA2B12E9710056C973 /* EditItemView.swift in Sources */ = {isa = PBXBuildFile; fileRef = D6AF62D92B12E9710056C973 /* EditItemView.swift */; };
		D6AF62E02B1363000056C973 /* SettingsView.swift in Sources */ = {isa = PBXBuildFile; fileRef = D6AF62DF2B1363000056C973 /* SettingsView.swift */; };
		D6AF62E22B136A4F0056C973 /* AccountView.swift in Sources */ = {isa = PBXBuildFile; fileRef = D6AF62E12B136A4F0056C973 /* AccountView.swift */; };
		D6AF62E82B1392FD0056C973 /* CustomizedDataView.swift in Sources */ = {isa = PBXBuildFile; fileRef = D6AF62E72B1392FD0056C973 /* CustomizedDataView.swift */; };
		D6AF62EA2B1395B10056C973 /* ImagePicker.swift in Sources */ = {isa = PBXBuildFile; fileRef = D6AF62E92B1395B10056C973 /* ImagePicker.swift */; };
		D6AF62EC2B13A7D20056C973 /* AppManager.swift in Sources */ = {isa = PBXBuildFile; fileRef = D6AF62EB2B13A7D20056C973 /* AppManager.swift */; };
		D6AF62F02B13FCB10056C973 /* LaunchView.swift in Sources */ = {isa = PBXBuildFile; fileRef = D6AF62EF2B13FCB10056C973 /* LaunchView.swift */; };
		D6AF62F22B14059C0056C973 /* MainView.swift in Sources */ = {isa = PBXBuildFile; fileRef = D6AF62F12B14059C0056C973 /* MainView.swift */; };
		D6AF62F42B14A99B0056C973 /* GeneratedReceiptView.swift in Sources */ = {isa = PBXBuildFile; fileRef = D6AF62F32B14A99B0056C973 /* GeneratedReceiptView.swift */; };
		D6AF62F82B151CE80056C973 /* NotificationSettingsView.swift in Sources */ = {isa = PBXBuildFile; fileRef = D6AF62F72B151CE80056C973 /* NotificationSettingsView.swift */; };
		D6AF62FA2B1752140056C973 /* ReceiptSettingsView.swift in Sources */ = {isa = PBXBuildFile; fileRef = D6AF62F92B1752130056C973 /* ReceiptSettingsView.swift */; };
		D6AF630A2B1972620056C973 /* Localizable.xcstrings in Resources */ = {isa = PBXBuildFile; fileRef = D6AF63092B1972620056C973 /* Localizable.xcstrings */; };
		D6B7A7AE2B4E8CE900E7D941 /* NotificationManager.swift in Sources */ = {isa = PBXBuildFile; fileRef = D6B7A7AD2B4E8CE900E7D941 /* NotificationManager.swift */; };
		D6C037872B44598600CFF67E /* AuthState.swift in Sources */ = {isa = PBXBuildFile; fileRef = D6C037862B44598600CFF67E /* AuthState.swift */; };
		D6F6A3312AC593F8002ECA81 /* MyOrdersApp.swift in Sources */ = {isa = PBXBuildFile; fileRef = D6F6A3302AC593F8002ECA81 /* MyOrdersApp.swift */; };
		D6F6A3332AC593F8002ECA81 /* ContentView.swift in Sources */ = {isa = PBXBuildFile; fileRef = D6F6A3322AC593F8002ECA81 /* ContentView.swift */; };
		D6F6A3352AC593FA002ECA81 /* Assets.xcassets in Resources */ = {isa = PBXBuildFile; fileRef = D6F6A3342AC593FA002ECA81 /* Assets.xcassets */; };
		D6F6A3382AC593FA002ECA81 /* Preview Assets.xcassets in Resources */ = {isa = PBXBuildFile; fileRef = D6F6A3372AC593FA002ECA81 /* Preview Assets.xcassets */; };
		D6F6A35B2AC59961002ECA81 /* OrdersManager.swift in Sources */ = {isa = PBXBuildFile; fileRef = D6F6A35A2AC59961002ECA81 /* OrdersManager.swift */; };
		D6F6A35F2AC59CEF002ECA81 /* OrderDetailsView.swift in Sources */ = {isa = PBXBuildFile; fileRef = D6F6A35E2AC59CEF002ECA81 /* OrderDetailsView.swift */; };
		D6F6A3612AC59FB6002ECA81 /* OrderRowView.swift in Sources */ = {isa = PBXBuildFile; fileRef = D6F6A3602AC59FB6002ECA81 /* OrderRowView.swift */; };
		D6F6A3632AC59FCE002ECA81 /* AddOrderView.swift in Sources */ = {isa = PBXBuildFile; fileRef = D6F6A3622AC59FCE002ECA81 /* AddOrderView.swift */; };
		D6F6A3652AC5B058002ECA81 /* AllOrdersView.swift in Sources */ = {isa = PBXBuildFile; fileRef = D6F6A3642AC5B058002ECA81 /* AllOrdersView.swift */; };
		D6F8CA622B2F53DD0031A7A2 /* ZipArchive in Frameworks */ = {isa = PBXBuildFile; productRef = D6F8CA612B2F53DD0031A7A2 /* ZipArchive */; };
		D6F8CA652B2F55050031A7A2 /* ReceiptsUtils.swift in Sources */ = {isa = PBXBuildFile; fileRef = D6F8CA642B2F55050031A7A2 /* ReceiptsUtils.swift */; };
		D6F8CA672B2F7F870031A7A2 /* FirebaseDatabase in Frameworks */ = {isa = PBXBuildFile; productRef = D6F8CA662B2F7F870031A7A2 /* FirebaseDatabase */; };
		D6F8CA692B2F7F870031A7A2 /* FirebaseDatabaseSwift in Frameworks */ = {isa = PBXBuildFile; productRef = D6F8CA682B2F7F870031A7A2 /* FirebaseDatabaseSwift */; };
		D6F8CA732B31C40E0031A7A2 /* DatabaseManager.swift in Sources */ = {isa = PBXBuildFile; fileRef = D6F8CA722B31C40E0031A7A2 /* DatabaseManager.swift */; };
		D6F8CA752B32C62F0031A7A2 /* GoogleService-Info.plist in Resources */ = {isa = PBXBuildFile; fileRef = D6F8CA742B32C62F0031A7A2 /* GoogleService-Info.plist */; };
/* End PBXBuildFile section */

/* Begin PBXContainerItemProxy section */
		D6F6A33E2AC593FA002ECA81 /* PBXContainerItemProxy */ = {
			isa = PBXContainerItemProxy;
			containerPortal = D6F6A3252AC593F8002ECA81 /* Project object */;
			proxyType = 1;
			remoteGlobalIDString = D6F6A32C2AC593F8002ECA81;
			remoteInfo = "My Orders";
		};
		D6F6A3482AC593FA002ECA81 /* PBXContainerItemProxy */ = {
			isa = PBXContainerItemProxy;
			containerPortal = D6F6A3252AC593F8002ECA81 /* Project object */;
			proxyType = 1;
			remoteGlobalIDString = D6F6A32C2AC593F8002ECA81;
			remoteInfo = "My Orders";
		};
/* End PBXContainerItemProxy section */

/* Begin PBXFileReference section */
		D64DD74F2B1B8C910066BB7E /* Whatsapp.swift */ = {isa = PBXFileReference; lastKnownFileType = sourcecode.swift; path = Whatsapp.swift; sourceTree = "<group>"; };
		D64DD75A2B2273470066BB7E /* DashboardView.swift */ = {isa = PBXFileReference; lastKnownFileType = sourcecode.swift; path = DashboardView.swift; sourceTree = "<group>"; };
		D657A2812B516CF60009FCD6 /* ShoppingList.swift */ = {isa = PBXFileReference; lastKnownFileType = sourcecode.swift; path = ShoppingList.swift; sourceTree = "<group>"; };
		D657A2832B516D5F0009FCD6 /* ShoppingListView.swift */ = {isa = PBXFileReference; lastKnownFileType = sourcecode.swift; path = ShoppingListView.swift; sourceTree = "<group>"; };
		D66262182B3996D80003608B /* AdsViews.swift */ = {isa = PBXFileReference; lastKnownFileType = sourcecode.swift; path = AdsViews.swift; sourceTree = "<group>"; };
		D6674D002ACB9544003DE4BB /* ReceiptView.swift */ = {isa = PBXFileReference; lastKnownFileType = sourcecode.swift; path = ReceiptView.swift; sourceTree = "<group>"; };
		D6674D022ACB9B75003DE4BB /* SharePDFView.swift */ = {isa = PBXFileReference; lastKnownFileType = sourcecode.swift; path = SharePDFView.swift; sourceTree = "<group>"; };
		D6674D042ACBA1B4003DE4BB /* AllReceiptsView.swift */ = {isa = PBXFileReference; lastKnownFileType = sourcecode.swift; path = AllReceiptsView.swift; sourceTree = "<group>"; };
		D6674D062ACBA629003DE4BB /* ReceiptRowView.swift */ = {isa = PBXFileReference; lastKnownFileType = sourcecode.swift; path = ReceiptRowView.swift; sourceTree = "<group>"; };
		D66A36DE2B26275C00A921CF /* WelcomeView.swift */ = {isa = PBXFileReference; lastKnownFileType = sourcecode.swift; path = WelcomeView.swift; sourceTree = "<group>"; };
		D66A36E62B26F0DE00A921CF /* My-Orders-Info.plist */ = {isa = PBXFileReference; lastKnownFileType = text.plist; path = "My-Orders-Info.plist"; sourceTree = SOURCE_ROOT; };
		D66A37082B28801200A921CF /* FirebAuth.swift */ = {isa = PBXFileReference; lastKnownFileType = sourcecode.swift; name = FirebAuth.swift; path = ../../FirebAuth.swift; sourceTree = "<group>"; };
		D66A370A2B28803300A921CF /* +View.swift */ = {isa = PBXFileReference; lastKnownFileType = sourcecode.swift; name = "+View.swift"; path = "../../+View.swift"; sourceTree = "<group>"; };
		D66A370C2B2880BF00A921CF /* GoogleSiginBtn.swift */ = {isa = PBXFileReference; lastKnownFileType = sourcecode.swift; name = GoogleSiginBtn.swift; path = ../../GoogleSiginBtn.swift; sourceTree = "<group>"; };
		D66A370E2B289B3500A921CF /* SignInView.swift */ = {isa = PBXFileReference; lastKnownFileType = sourcecode.swift; path = SignInView.swift; sourceTree = "<group>"; };
		D66A37102B28A5F000A921CF /* AppleButtonView.swift */ = {isa = PBXFileReference; lastKnownFileType = sourcecode.swift; path = AppleButtonView.swift; sourceTree = "<group>"; };
		D66A37122B28A79E00A921CF /* AppleButtonLogic.swift */ = {isa = PBXFileReference; lastKnownFileType = sourcecode.swift; path = AppleButtonLogic.swift; sourceTree = "<group>"; };
		D66A37142B28ABD200A921CF /* AuthService.swift */ = {isa = PBXFileReference; lastKnownFileType = sourcecode.swift; path = AuthService.swift; sourceTree = "<group>"; };
		D66A371B2B29096700A921CF /* ItemDetailsView.swift */ = {isa = PBXFileReference; lastKnownFileType = sourcecode.swift; path = ItemDetailsView.swift; sourceTree = "<group>"; };
		D66A371D2B290F4700A921CF /* EditOrderView.swift */ = {isa = PBXFileReference; lastKnownFileType = sourcecode.swift; path = EditOrderView.swift; sourceTree = "<group>"; };
		D67557DA2B4E1D8900F4036E /* My Orders.entitlements */ = {isa = PBXFileReference; lastKnownFileType = text.plist.entitlements; path = "My Orders.entitlements"; sourceTree = "<group>"; };
		D68867DF2ACA247900BCE734 /* SearchBar.swift */ = {isa = PBXFileReference; lastKnownFileType = sourcecode.swift; path = SearchBar.swift; sourceTree = "<group>"; };
		D68CEA1F2B52EE25006D4933 /* Encryption.swift */ = {isa = PBXFileReference; lastKnownFileType = sourcecode.swift; path = Encryption.swift; sourceTree = "<group>"; };
		D68CEA212B52FE43006D4933 /* User.swift */ = {isa = PBXFileReference; lastKnownFileType = sourcecode.swift; path = User.swift; sourceTree = "<group>"; };
		D68CEA232B52FEB3006D4933 /* UserRoleView.swift */ = {isa = PBXFileReference; lastKnownFileType = sourcecode.swift; path = UserRoleView.swift; sourceTree = "<group>"; };
		D68CEA252B53028C006D4933 /* VendorTypeView.swift */ = {isa = PBXFileReference; lastKnownFileType = sourcecode.swift; path = VendorTypeView.swift; sourceTree = "<group>"; };
		D68CEA272B53047F006D4933 /* CustomerContentView.swift */ = {isa = PBXFileReference; lastKnownFileType = sourcecode.swift; path = CustomerContentView.swift; sourceTree = "<group>"; };
		D68CEA2A2B53ECF5006D4933 /* CustomButtonStyle.swift */ = {isa = PBXFileReference; lastKnownFileType = sourcecode.swift; path = CustomButtonStyle.swift; sourceTree = "<group>"; };
		D68CEA312B5406A2006D4933 /* Router.swift */ = {isa = PBXFileReference; lastKnownFileType = sourcecode.swift; path = Router.swift; sourceTree = "<group>"; };
		D69E2A642B5F0D8C004F0D5C /* Vendor.swift */ = {isa = PBXFileReference; lastKnownFileType = sourcecode.swift; path = Vendor.swift; sourceTree = "<group>"; };
		D69E2A662B5FE0D9004F0D5C /* BusinessDetailsView.swift */ = {isa = PBXFileReference; lastKnownFileType = sourcecode.swift; path = BusinessDetailsView.swift; sourceTree = "<group>"; };
		D69E2A682B600864004F0D5C /* NavigationManager.swift */ = {isa = PBXFileReference; lastKnownFileType = sourcecode.swift; path = NavigationManager.swift; sourceTree = "<group>"; };
		D69E2A6A2B600F91004F0D5C /* MainViewOther.swift */ = {isa = PBXFileReference; lastKnownFileType = sourcecode.swift; path = MainViewOther.swift; sourceTree = "<group>"; };
		D69E2A6D2B60564E004F0D5C /* CustomCheckBox.swift */ = {isa = PBXFileReference; lastKnownFileType = sourcecode.swift; path = CustomCheckBox.swift; sourceTree = "<group>"; };
		D69E2A6F2B606469004F0D5C /* ShoppingListOtherView.swift */ = {isa = PBXFileReference; lastKnownFileType = sourcecode.swift; path = ShoppingListOtherView.swift; sourceTree = "<group>"; };
		D6AF62C32B126DCA0056C973 /* Toast.swift */ = {isa = PBXFileReference; lastKnownFileType = sourcecode.swift; name = Toast.swift; path = "My Orders/Utils/Toast.swift"; sourceTree = SOURCE_ROOT; };
		D6AF62CF2B12BCB90056C973 /* InventoryItem.swift */ = {isa = PBXFileReference; lastKnownFileType = sourcecode.swift; path = InventoryItem.swift; sourceTree = "<group>"; };
		D6AF62D32B12BDAB0056C973 /* InventoryContentView.swift */ = {isa = PBXFileReference; lastKnownFileType = sourcecode.swift; path = InventoryContentView.swift; sourceTree = "<group>"; };
		D6AF62D72B12C2990056C973 /* AddItemView.swift */ = {isa = PBXFileReference; lastKnownFileType = sourcecode.swift; path = AddItemView.swift; sourceTree = "<group>"; };
		D6AF62D92B12E9710056C973 /* EditItemView.swift */ = {isa = PBXFileReference; lastKnownFileType = sourcecode.swift; path = EditItemView.swift; sourceTree = "<group>"; };
		D6AF62DF2B1363000056C973 /* SettingsView.swift */ = {isa = PBXFileReference; lastKnownFileType = sourcecode.swift; path = SettingsView.swift; sourceTree = "<group>"; };
		D6AF62E12B136A4F0056C973 /* AccountView.swift */ = {isa = PBXFileReference; lastKnownFileType = sourcecode.swift; path = AccountView.swift; sourceTree = "<group>"; };
		D6AF62E72B1392FD0056C973 /* CustomizedDataView.swift */ = {isa = PBXFileReference; lastKnownFileType = sourcecode.swift; path = CustomizedDataView.swift; sourceTree = "<group>"; };
		D6AF62E92B1395B10056C973 /* ImagePicker.swift */ = {isa = PBXFileReference; lastKnownFileType = sourcecode.swift; name = ImagePicker.swift; path = ../Settings/ImagePicker.swift; sourceTree = "<group>"; };
		D6AF62EB2B13A7D20056C973 /* AppManager.swift */ = {isa = PBXFileReference; lastKnownFileType = sourcecode.swift; path = AppManager.swift; sourceTree = "<group>"; };
		D6AF62EF2B13FCB10056C973 /* LaunchView.swift */ = {isa = PBXFileReference; lastKnownFileType = sourcecode.swift; path = LaunchView.swift; sourceTree = "<group>"; };
		D6AF62F12B14059C0056C973 /* MainView.swift */ = {isa = PBXFileReference; lastKnownFileType = sourcecode.swift; path = MainView.swift; sourceTree = "<group>"; };
		D6AF62F32B14A99B0056C973 /* GeneratedReceiptView.swift */ = {isa = PBXFileReference; lastKnownFileType = sourcecode.swift; path = GeneratedReceiptView.swift; sourceTree = "<group>"; };
		D6AF62F72B151CE80056C973 /* NotificationSettingsView.swift */ = {isa = PBXFileReference; lastKnownFileType = sourcecode.swift; path = NotificationSettingsView.swift; sourceTree = "<group>"; };
		D6AF62F92B1752130056C973 /* ReceiptSettingsView.swift */ = {isa = PBXFileReference; lastKnownFileType = sourcecode.swift; path = ReceiptSettingsView.swift; sourceTree = "<group>"; };
		D6AF63092B1972620056C973 /* Localizable.xcstrings */ = {isa = PBXFileReference; lastKnownFileType = text.json.xcstrings; path = Localizable.xcstrings; sourceTree = "<group>"; };
		D6B7A7AD2B4E8CE900E7D941 /* NotificationManager.swift */ = {isa = PBXFileReference; lastKnownFileType = sourcecode.swift; path = NotificationManager.swift; sourceTree = "<group>"; };
		D6C037862B44598600CFF67E /* AuthState.swift */ = {isa = PBXFileReference; lastKnownFileType = sourcecode.swift; path = AuthState.swift; sourceTree = "<group>"; };
		D6F6A32D2AC593F8002ECA81 /* My Orders.app */ = {isa = PBXFileReference; explicitFileType = wrapper.application; includeInIndex = 0; path = "My Orders.app"; sourceTree = BUILT_PRODUCTS_DIR; };
		D6F6A3302AC593F8002ECA81 /* MyOrdersApp.swift */ = {isa = PBXFileReference; lastKnownFileType = sourcecode.swift; path = MyOrdersApp.swift; sourceTree = "<group>"; };
		D6F6A3322AC593F8002ECA81 /* ContentView.swift */ = {isa = PBXFileReference; lastKnownFileType = sourcecode.swift; path = ContentView.swift; sourceTree = "<group>"; };
		D6F6A3342AC593FA002ECA81 /* Assets.xcassets */ = {isa = PBXFileReference; lastKnownFileType = folder.assetcatalog; path = Assets.xcassets; sourceTree = "<group>"; };
		D6F6A3372AC593FA002ECA81 /* Preview Assets.xcassets */ = {isa = PBXFileReference; lastKnownFileType = folder.assetcatalog; path = "Preview Assets.xcassets"; sourceTree = "<group>"; };
		D6F6A33D2AC593FA002ECA81 /* My OrdersTests.xctest */ = {isa = PBXFileReference; explicitFileType = wrapper.cfbundle; includeInIndex = 0; path = "My OrdersTests.xctest"; sourceTree = BUILT_PRODUCTS_DIR; };
		D6F6A3472AC593FA002ECA81 /* My OrdersUITests.xctest */ = {isa = PBXFileReference; explicitFileType = wrapper.cfbundle; includeInIndex = 0; path = "My OrdersUITests.xctest"; sourceTree = BUILT_PRODUCTS_DIR; };
		D6F6A35A2AC59961002ECA81 /* OrdersManager.swift */ = {isa = PBXFileReference; lastKnownFileType = sourcecode.swift; path = OrdersManager.swift; sourceTree = "<group>"; };
		D6F6A35E2AC59CEF002ECA81 /* OrderDetailsView.swift */ = {isa = PBXFileReference; lastKnownFileType = sourcecode.swift; path = OrderDetailsView.swift; sourceTree = "<group>"; };
		D6F6A3602AC59FB6002ECA81 /* OrderRowView.swift */ = {isa = PBXFileReference; lastKnownFileType = sourcecode.swift; path = OrderRowView.swift; sourceTree = "<group>"; };
		D6F6A3622AC59FCE002ECA81 /* AddOrderView.swift */ = {isa = PBXFileReference; lastKnownFileType = sourcecode.swift; path = AddOrderView.swift; sourceTree = "<group>"; };
		D6F6A3642AC5B058002ECA81 /* AllOrdersView.swift */ = {isa = PBXFileReference; lastKnownFileType = sourcecode.swift; path = AllOrdersView.swift; sourceTree = "<group>"; };
		D6F8CA642B2F55050031A7A2 /* ReceiptsUtils.swift */ = {isa = PBXFileReference; lastKnownFileType = sourcecode.swift; path = ReceiptsUtils.swift; sourceTree = "<group>"; };
		D6F8CA722B31C40E0031A7A2 /* DatabaseManager.swift */ = {isa = PBXFileReference; lastKnownFileType = sourcecode.swift; path = DatabaseManager.swift; sourceTree = "<group>"; };
		D6F8CA742B32C62F0031A7A2 /* GoogleService-Info.plist */ = {isa = PBXFileReference; fileEncoding = 4; lastKnownFileType = text.plist.xml; path = "GoogleService-Info.plist"; sourceTree = "<group>"; };
/* End PBXFileReference section */

/* Begin PBXFrameworksBuildPhase section */
		D6F6A32A2AC593F8002ECA81 /* Frameworks */ = {
			isa = PBXFrameworksBuildPhase;
			buildActionMask = 2147483647;
			files = (
				D6F8CA692B2F7F870031A7A2 /* FirebaseDatabaseSwift in Frameworks */,
				D66A37202B2B3EA600A921CF /* FirebaseMessaging in Frameworks */,
				D66A36E42B2636A800A921CF /* GoogleSignInSwift in Frameworks */,
				D66A37012B27364100A921CF /* FirebaseAuth in Frameworks */,
				D64DD75E2B22743D0066BB7E /* SwiftUICharts in Frameworks */,
				D66A36FD2B27364100A921CF /* FirebaseAnalytics in Frameworks */,
				D6F8CA622B2F53DD0031A7A2 /* ZipArchive in Frameworks */,
				D66A371A2B28F34000A921CF /* GoogleMobileAds in Frameworks */,
				D66A36E22B2636A800A921CF /* GoogleSignIn in Frameworks */,
				D6F8CA672B2F7F870031A7A2 /* FirebaseDatabase in Frameworks */,
				D66A37032B27364100A921CF /* FirebaseAuthCombine-Community in Frameworks */,
				D66A36FF2B27364100A921CF /* FirebaseAnalyticsSwift in Frameworks */,
			);
			runOnlyForDeploymentPostprocessing = 0;
		};
		D6F6A33A2AC593FA002ECA81 /* Frameworks */ = {
			isa = PBXFrameworksBuildPhase;
			buildActionMask = 2147483647;
			files = (
			);
			runOnlyForDeploymentPostprocessing = 0;
		};
		D6F6A3442AC593FA002ECA81 /* Frameworks */ = {
			isa = PBXFrameworksBuildPhase;
			buildActionMask = 2147483647;
			files = (
			);
			runOnlyForDeploymentPostprocessing = 0;
		};
/* End PBXFrameworksBuildPhase section */

/* Begin PBXGroup section */
		D64DD7572B2270920066BB7E /* Review */ = {
			isa = PBXGroup;
			children = (
				D64DD75A2B2273470066BB7E /* DashboardView.swift */,
			);
			path = Review;
			sourceTree = "<group>";
		};
		D66A36ED2B26F85900A921CF /* SignIn */ = {
			isa = PBXGroup;
			children = (
				D66A37082B28801200A921CF /* FirebAuth.swift */,
				D66A370C2B2880BF00A921CF /* GoogleSiginBtn.swift */,
				D66A370A2B28803300A921CF /* +View.swift */,
				D66A370E2B289B3500A921CF /* SignInView.swift */,
				D66A37102B28A5F000A921CF /* AppleButtonView.swift */,
				D66A37122B28A79E00A921CF /* AppleButtonLogic.swift */,
				D66A37142B28ABD200A921CF /* AuthService.swift */,
				D6C037862B44598600CFF67E /* AuthState.swift */,
			);
			path = SignIn;
			sourceTree = "<group>";
		};
		D66A37172B28EF9D00A921CF /* Ads */ = {
			isa = PBXGroup;
			children = (
				D66262182B3996D80003608B /* AdsViews.swift */,
			);
			path = Ads;
			sourceTree = "<group>";
		};
		D68CEA2E2B54063E006D4933 /* User */ = {
			isa = PBXGroup;
			children = (
				D68CEA212B52FE43006D4933 /* User.swift */,
				D68CEA232B52FEB3006D4933 /* UserRoleView.swift */,
				D68CEA252B53028C006D4933 /* VendorTypeView.swift */,
				D69E2A642B5F0D8C004F0D5C /* Vendor.swift */,
				D69E2A662B5FE0D9004F0D5C /* BusinessDetailsView.swift */,
				D69E2A682B600864004F0D5C /* NavigationManager.swift */,
				D69E2A6A2B600F91004F0D5C /* MainViewOther.swift */,
			);
			path = User;
			sourceTree = "<group>";
		};
		D68CEA2F2B54065C006D4933 /* Customer */ = {
			isa = PBXGroup;
			children = (
				D68CEA272B53047F006D4933 /* CustomerContentView.swift */,
			);
			path = Customer;
			sourceTree = "<group>";
		};
		D6AF62CE2B12BC9F0056C973 /* Inventory */ = {
			isa = PBXGroup;
			children = (
				D6AF62CF2B12BCB90056C973 /* InventoryItem.swift */,
				D6AF62D32B12BDAB0056C973 /* InventoryContentView.swift */,
				D6AF62D72B12C2990056C973 /* AddItemView.swift */,
				D6AF62D92B12E9710056C973 /* EditItemView.swift */,
				D66A371B2B29096700A921CF /* ItemDetailsView.swift */,
			);
			path = Inventory;
			sourceTree = "<group>";
		};
		D6AF62DC2B12F5E80056C973 /* Orders */ = {
			isa = PBXGroup;
			children = (
				D6F8CA632B2F54CF0031A7A2 /* Receipts */,
				D6F6A35A2AC59961002ECA81 /* OrdersManager.swift */,
				D6F6A3322AC593F8002ECA81 /* ContentView.swift */,
				D6F6A3622AC59FCE002ECA81 /* AddOrderView.swift */,
				D66A371D2B290F4700A921CF /* EditOrderView.swift */,
				D6F6A3602AC59FB6002ECA81 /* OrderRowView.swift */,
				D6F6A35E2AC59CEF002ECA81 /* OrderDetailsView.swift */,
				D6F6A3642AC5B058002ECA81 /* AllOrdersView.swift */,
			);
			path = Orders;
			sourceTree = "<group>";
		};
		D6AF62DD2B12F6220056C973 /* Utils */ = {
			isa = PBXGroup;
			children = (
				D68CEA2A2B53ECF5006D4933 /* CustomButtonStyle.swift */,
				D6AF62E92B1395B10056C973 /* ImagePicker.swift */,
				D66A37172B28EF9D00A921CF /* Ads */,
				D66A36ED2B26F85900A921CF /* SignIn */,
				D6AF62C32B126DCA0056C973 /* Toast.swift */,
				D68867DF2ACA247900BCE734 /* SearchBar.swift */,
				D64DD74F2B1B8C910066BB7E /* Whatsapp.swift */,
				D6B7A7AD2B4E8CE900E7D941 /* NotificationManager.swift */,
				D657A2812B516CF60009FCD6 /* ShoppingList.swift */,
				D657A2832B516D5F0009FCD6 /* ShoppingListView.swift */,
				D68CEA1F2B52EE25006D4933 /* Encryption.swift */,
				D68CEA312B5406A2006D4933 /* Router.swift */,
				D69E2A6D2B60564E004F0D5C /* CustomCheckBox.swift */,
			);
			path = Utils;
			sourceTree = "<group>";
		};
		D6AF62DE2B1362EA0056C973 /* Settings */ = {
			isa = PBXGroup;
			children = (
				D6AF62DF2B1363000056C973 /* SettingsView.swift */,
				D6AF62E12B136A4F0056C973 /* AccountView.swift */,
				D6AF62E72B1392FD0056C973 /* CustomizedDataView.swift */,
				D6AF62F72B151CE80056C973 /* NotificationSettingsView.swift */,
				D6AF62F92B1752130056C973 /* ReceiptSettingsView.swift */,
			);
			path = Settings;
			sourceTree = "<group>";
		};
		D6F6A3242AC593F8002ECA81 = {
			isa = PBXGroup;
			children = (
				D6F6A32F2AC593F8002ECA81 /* My Orders */,
				D6F6A32E2AC593F8002ECA81 /* Products */,
			);
			sourceTree = "<group>";
		};
		D6F6A32E2AC593F8002ECA81 /* Products */ = {
			isa = PBXGroup;
			children = (
				D6F6A32D2AC593F8002ECA81 /* My Orders.app */,
				D6F6A33D2AC593FA002ECA81 /* My OrdersTests.xctest */,
				D6F6A3472AC593FA002ECA81 /* My OrdersUITests.xctest */,
			);
			name = Products;
			sourceTree = "<group>";
		};
		D6F6A32F2AC593F8002ECA81 /* My Orders */ = {
			isa = PBXGroup;
			children = (
				D68CEA2F2B54065C006D4933 /* Customer */,
				D68CEA2E2B54063E006D4933 /* User */,
				D67557DA2B4E1D8900F4036E /* My Orders.entitlements */,
				D6F8CA742B32C62F0031A7A2 /* GoogleService-Info.plist */,
				D66A36E62B26F0DE00A921CF /* My-Orders-Info.plist */,
				D6F8CA6A2B31B94A0031A7A2 /* Database */,
				D66A36DE2B26275C00A921CF /* WelcomeView.swift */,
				D6AF62F12B14059C0056C973 /* MainView.swift */,
				D6AF62EB2B13A7D20056C973 /* AppManager.swift */,
				D6F6A3302AC593F8002ECA81 /* MyOrdersApp.swift */,
				D6AF62EF2B13FCB10056C973 /* LaunchView.swift */,
				D64DD7572B2270920066BB7E /* Review */,
				D6AF62DC2B12F5E80056C973 /* Orders */,
				D6AF62CE2B12BC9F0056C973 /* Inventory */,
				D6AF62DE2B1362EA0056C973 /* Settings */,
				D6AF62DD2B12F6220056C973 /* Utils */,
				D6F6A3342AC593FA002ECA81 /* Assets.xcassets */,
				D6F6A3362AC593FA002ECA81 /* Preview Content */,
				D6AF63092B1972620056C973 /* Localizable.xcstrings */,
				D69E2A6F2B606469004F0D5C /* ShoppingListOtherView.swift */,
			);
			path = "My Orders";
			sourceTree = "<group>";
		};
		D6F6A3362AC593FA002ECA81 /* Preview Content */ = {
			isa = PBXGroup;
			children = (
				D6F6A3372AC593FA002ECA81 /* Preview Assets.xcassets */,
			);
			path = "Preview Content";
			sourceTree = "<group>";
		};
		D6F8CA632B2F54CF0031A7A2 /* Receipts */ = {
			isa = PBXGroup;
			children = (
				D6674D002ACB9544003DE4BB /* ReceiptView.swift */,
				D6AF62F32B14A99B0056C973 /* GeneratedReceiptView.swift */,
				D6674D042ACBA1B4003DE4BB /* AllReceiptsView.swift */,
				D6674D062ACBA629003DE4BB /* ReceiptRowView.swift */,
				D6674D022ACB9B75003DE4BB /* SharePDFView.swift */,
				D6F8CA642B2F55050031A7A2 /* ReceiptsUtils.swift */,
			);
			path = Receipts;
			sourceTree = "<group>";
		};
		D6F8CA6A2B31B94A0031A7A2 /* Database */ = {
			isa = PBXGroup;
			children = (
				D6F8CA722B31C40E0031A7A2 /* DatabaseManager.swift */,
			);
			path = Database;
			sourceTree = "<group>";
		};
/* End PBXGroup section */

/* Begin PBXNativeTarget section */
		D6F6A32C2AC593F8002ECA81 /* My Orders */ = {
			isa = PBXNativeTarget;
			buildConfigurationList = D6F6A3512AC593FA002ECA81 /* Build configuration list for PBXNativeTarget "My Orders" */;
			buildPhases = (
				D6F6A3292AC593F8002ECA81 /* Sources */,
				D6F6A32A2AC593F8002ECA81 /* Frameworks */,
				D6F6A32B2AC593F8002ECA81 /* Resources */,
			);
			buildRules = (
			);
			dependencies = (
			);
			name = "My Orders";
			packageProductDependencies = (
				D64DD75D2B22743D0066BB7E /* SwiftUICharts */,
				D66A36E12B2636A800A921CF /* GoogleSignIn */,
				D66A36E32B2636A800A921CF /* GoogleSignInSwift */,
				D66A36FC2B27364100A921CF /* FirebaseAnalytics */,
				D66A36FE2B27364100A921CF /* FirebaseAnalyticsSwift */,
				D66A37002B27364100A921CF /* FirebaseAuth */,
				D66A37022B27364100A921CF /* FirebaseAuthCombine-Community */,
				D66A37192B28F34000A921CF /* GoogleMobileAds */,
				D66A371F2B2B3EA600A921CF /* FirebaseMessaging */,
				D6F8CA612B2F53DD0031A7A2 /* ZipArchive */,
				D6F8CA662B2F7F870031A7A2 /* FirebaseDatabase */,
				D6F8CA682B2F7F870031A7A2 /* FirebaseDatabaseSwift */,
			);
			productName = "My Orders";
			productReference = D6F6A32D2AC593F8002ECA81 /* My Orders.app */;
			productType = "com.apple.product-type.application";
		};
		D6F6A33C2AC593FA002ECA81 /* My OrdersTests */ = {
			isa = PBXNativeTarget;
			buildConfigurationList = D6F6A3542AC593FA002ECA81 /* Build configuration list for PBXNativeTarget "My OrdersTests" */;
			buildPhases = (
				D6F6A3392AC593FA002ECA81 /* Sources */,
				D6F6A33A2AC593FA002ECA81 /* Frameworks */,
				D6F6A33B2AC593FA002ECA81 /* Resources */,
			);
			buildRules = (
			);
			dependencies = (
				D6F6A33F2AC593FA002ECA81 /* PBXTargetDependency */,
			);
			name = "My OrdersTests";
			productName = "My OrdersTests";
			productReference = D6F6A33D2AC593FA002ECA81 /* My OrdersTests.xctest */;
			productType = "com.apple.product-type.bundle.unit-test";
		};
		D6F6A3462AC593FA002ECA81 /* My OrdersUITests */ = {
			isa = PBXNativeTarget;
			buildConfigurationList = D6F6A3572AC593FA002ECA81 /* Build configuration list for PBXNativeTarget "My OrdersUITests" */;
			buildPhases = (
				D6F6A3432AC593FA002ECA81 /* Sources */,
				D6F6A3442AC593FA002ECA81 /* Frameworks */,
				D6F6A3452AC593FA002ECA81 /* Resources */,
			);
			buildRules = (
			);
			dependencies = (
				D6F6A3492AC593FA002ECA81 /* PBXTargetDependency */,
			);
			name = "My OrdersUITests";
			productName = "My OrdersUITests";
			productReference = D6F6A3472AC593FA002ECA81 /* My OrdersUITests.xctest */;
			productType = "com.apple.product-type.bundle.ui-testing";
		};
/* End PBXNativeTarget section */

/* Begin PBXProject section */
		D6F6A3252AC593F8002ECA81 /* Project object */ = {
			isa = PBXProject;
			attributes = {
				BuildIndependentTargetsInParallel = 1;
				LastSwiftUpdateCheck = 1430;
				LastUpgradeCheck = 1430;
				TargetAttributes = {
					D6F6A32C2AC593F8002ECA81 = {
						CreatedOnToolsVersion = 14.3.1;
					};
					D6F6A33C2AC593FA002ECA81 = {
						CreatedOnToolsVersion = 14.3.1;
						TestTargetID = D6F6A32C2AC593F8002ECA81;
					};
					D6F6A3462AC593FA002ECA81 = {
						CreatedOnToolsVersion = 14.3.1;
						TestTargetID = D6F6A32C2AC593F8002ECA81;
					};
				};
			};
			buildConfigurationList = D6F6A3282AC593F8002ECA81 /* Build configuration list for PBXProject "My Orders" */;
			compatibilityVersion = "Xcode 14.0";
			developmentRegion = en;
			hasScannedForEncodings = 0;
			knownRegions = (
				en,
				he,
				Base,
			);
			mainGroup = D6F6A3242AC593F8002ECA81;
			packageReferences = (
				D64DD75C2B22743D0066BB7E /* XCRemoteSwiftPackageReference "ChartView" */,
				D66A36E02B2636A800A921CF /* XCRemoteSwiftPackageReference "GoogleSignIn-iOS" */,
				D66A36E52B26EDE900A921CF /* XCRemoteSwiftPackageReference "firebase-ios-sdk" */,
				D66A37182B28F34000A921CF /* XCRemoteSwiftPackageReference "swift-package-manager-google-mobile-ads" */,
				D6F8CA602B2F53DC0031A7A2 /* XCRemoteSwiftPackageReference "ZipArchive" */,
			);
			productRefGroup = D6F6A32E2AC593F8002ECA81 /* Products */;
			projectDirPath = "";
			projectRoot = "";
			targets = (
				D6F6A32C2AC593F8002ECA81 /* My Orders */,
				D6F6A33C2AC593FA002ECA81 /* My OrdersTests */,
				D6F6A3462AC593FA002ECA81 /* My OrdersUITests */,
			);
		};
/* End PBXProject section */

/* Begin PBXResourcesBuildPhase section */
		D6F6A32B2AC593F8002ECA81 /* Resources */ = {
			isa = PBXResourcesBuildPhase;
			buildActionMask = 2147483647;
			files = (
				D6F6A3382AC593FA002ECA81 /* Preview Assets.xcassets in Resources */,
				D6F8CA752B32C62F0031A7A2 /* GoogleService-Info.plist in Resources */,
				D6F6A3352AC593FA002ECA81 /* Assets.xcassets in Resources */,
				D6AF630A2B1972620056C973 /* Localizable.xcstrings in Resources */,
			);
			runOnlyForDeploymentPostprocessing = 0;
		};
		D6F6A33B2AC593FA002ECA81 /* Resources */ = {
			isa = PBXResourcesBuildPhase;
			buildActionMask = 2147483647;
			files = (
			);
			runOnlyForDeploymentPostprocessing = 0;
		};
		D6F6A3452AC593FA002ECA81 /* Resources */ = {
			isa = PBXResourcesBuildPhase;
			buildActionMask = 2147483647;
			files = (
			);
			runOnlyForDeploymentPostprocessing = 0;
		};
/* End PBXResourcesBuildPhase section */

/* Begin PBXSourcesBuildPhase section */
		D6F6A3292AC593F8002ECA81 /* Sources */ = {
			isa = PBXSourcesBuildPhase;
			buildActionMask = 2147483647;
			files = (
				D657A2842B516D5F0009FCD6 /* ShoppingListView.swift in Sources */,
				D69E2A6E2B60564E004F0D5C /* CustomCheckBox.swift in Sources */,
				D66A371E2B290F4700A921CF /* EditOrderView.swift in Sources */,
				D68CEA2B2B53ECF5006D4933 /* CustomButtonStyle.swift in Sources */,
				D6F8CA652B2F55050031A7A2 /* ReceiptsUtils.swift in Sources */,
				D6AF62D02B12BCB90056C973 /* InventoryItem.swift in Sources */,
				D66A37092B28801200A921CF /* FirebAuth.swift in Sources */,
				D64DD7502B1B8C910066BB7E /* Whatsapp.swift in Sources */,
				D68CEA242B52FEB3006D4933 /* UserRoleView.swift in Sources */,
				D68CEA322B5406A2006D4933 /* Router.swift in Sources */,
				D68CEA282B53047F006D4933 /* CustomerContentView.swift in Sources */,
				D6F6A3332AC593F8002ECA81 /* ContentView.swift in Sources */,
				D6AF62D42B12BDAB0056C973 /* InventoryContentView.swift in Sources */,
				D6AF62EA2B1395B10056C973 /* ImagePicker.swift in Sources */,
				D66A370B2B28803300A921CF /* +View.swift in Sources */,
				D6AF62C42B126DCA0056C973 /* Toast.swift in Sources */,
				D6F6A35B2AC59961002ECA81 /* OrdersManager.swift in Sources */,
				D6AF62EC2B13A7D20056C973 /* AppManager.swift in Sources */,
				D68CEA262B53028C006D4933 /* VendorTypeView.swift in Sources */,
				D66A37132B28A79F00A921CF /* AppleButtonLogic.swift in Sources */,
				D64DD75B2B2273470066BB7E /* DashboardView.swift in Sources */,
				D6F6A3312AC593F8002ECA81 /* MyOrdersApp.swift in Sources */,
				D66A36DF2B26275C00A921CF /* WelcomeView.swift in Sources */,
				D6AF62F82B151CE80056C973 /* NotificationSettingsView.swift in Sources */,
				D6F6A3632AC59FCE002ECA81 /* AddOrderView.swift in Sources */,
				D6F6A3612AC59FB6002ECA81 /* OrderRowView.swift in Sources */,
				D68CEA222B52FE43006D4933 /* User.swift in Sources */,
				D6AF62E22B136A4F0056C973 /* AccountView.swift in Sources */,
				D6F8CA732B31C40E0031A7A2 /* DatabaseManager.swift in Sources */,
				D6F6A35F2AC59CEF002ECA81 /* OrderDetailsView.swift in Sources */,
				D6AF62F22B14059C0056C973 /* MainView.swift in Sources */,
				D68CEA202B52EE25006D4933 /* Encryption.swift in Sources */,
				D6AF62F42B14A99B0056C973 /* GeneratedReceiptView.swift in Sources */,
				D6AF62F02B13FCB10056C973 /* LaunchView.swift in Sources */,
				D66262192B3996D80003608B /* AdsViews.swift in Sources */,
				D69E2A702B606469004F0D5C /* ShoppingListOtherView.swift in Sources */,
				D66A371C2B29096700A921CF /* ItemDetailsView.swift in Sources */,
				D6C037872B44598600CFF67E /* AuthState.swift in Sources */,
				D6AF62FA2B1752140056C973 /* ReceiptSettingsView.swift in Sources */,
				D69E2A692B600864004F0D5C /* NavigationManager.swift in Sources */,
				D6674D052ACBA1B4003DE4BB /* AllReceiptsView.swift in Sources */,
				D6674D072ACBA629003DE4BB /* ReceiptRowView.swift in Sources */,
				D6674D012ACB9544003DE4BB /* ReceiptView.swift in Sources */,
				D6AF62DA2B12E9710056C973 /* EditItemView.swift in Sources */,
				D69E2A6B2B600F91004F0D5C /* MainViewOther.swift in Sources */,
				D68867E02ACA247A00BCE734 /* SearchBar.swift in Sources */,
				D66A370F2B289B3500A921CF /* SignInView.swift in Sources */,
				D6AF62D82B12C2990056C973 /* AddItemView.swift in Sources */,
				D6674D032ACB9B75003DE4BB /* SharePDFView.swift in Sources */,
				D69E2A652B5F0D8C004F0D5C /* Vendor.swift in Sources */,
				D657A2822B516CF60009FCD6 /* ShoppingList.swift in Sources */,
				D6AF62E82B1392FD0056C973 /* CustomizedDataView.swift in Sources */,
				D6F6A3652AC5B058002ECA81 /* AllOrdersView.swift in Sources */,
				D6B7A7AE2B4E8CE900E7D941 /* NotificationManager.swift in Sources */,
				D66A370D2B2880BF00A921CF /* GoogleSiginBtn.swift in Sources */,
				D66A37112B28A5F000A921CF /* AppleButtonView.swift in Sources */,
				D69E2A672B5FE0DA004F0D5C /* BusinessDetailsView.swift in Sources */,
				D6AF62E02B1363000056C973 /* SettingsView.swift in Sources */,
				D66A37152B28ABD200A921CF /* AuthService.swift in Sources */,
			);
			runOnlyForDeploymentPostprocessing = 0;
		};
		D6F6A3392AC593FA002ECA81 /* Sources */ = {
			isa = PBXSourcesBuildPhase;
			buildActionMask = 2147483647;
			files = (
			);
			runOnlyForDeploymentPostprocessing = 0;
		};
		D6F6A3432AC593FA002ECA81 /* Sources */ = {
			isa = PBXSourcesBuildPhase;
			buildActionMask = 2147483647;
			files = (
			);
			runOnlyForDeploymentPostprocessing = 0;
		};
/* End PBXSourcesBuildPhase section */

/* Begin PBXTargetDependency section */
		D6F6A33F2AC593FA002ECA81 /* PBXTargetDependency */ = {
			isa = PBXTargetDependency;
			target = D6F6A32C2AC593F8002ECA81 /* My Orders */;
			targetProxy = D6F6A33E2AC593FA002ECA81 /* PBXContainerItemProxy */;
		};
		D6F6A3492AC593FA002ECA81 /* PBXTargetDependency */ = {
			isa = PBXTargetDependency;
			target = D6F6A32C2AC593F8002ECA81 /* My Orders */;
			targetProxy = D6F6A3482AC593FA002ECA81 /* PBXContainerItemProxy */;
		};
/* End PBXTargetDependency section */

/* Begin XCBuildConfiguration section */
		D6F6A34F2AC593FA002ECA81 /* Debug */ = {
			isa = XCBuildConfiguration;
			buildSettings = {
				ALWAYS_SEARCH_USER_PATHS = NO;
				CLANG_ANALYZER_NONNULL = YES;
				CLANG_ANALYZER_NUMBER_OBJECT_CONVERSION = YES_AGGRESSIVE;
				CLANG_CXX_LANGUAGE_STANDARD = "gnu++20";
				CLANG_ENABLE_MODULES = YES;
				CLANG_ENABLE_OBJC_ARC = YES;
				CLANG_ENABLE_OBJC_WEAK = YES;
				CLANG_WARN_BLOCK_CAPTURE_AUTORELEASING = YES;
				CLANG_WARN_BOOL_CONVERSION = YES;
				CLANG_WARN_COMMA = YES;
				CLANG_WARN_CONSTANT_CONVERSION = YES;
				CLANG_WARN_DEPRECATED_OBJC_IMPLEMENTATIONS = YES;
				CLANG_WARN_DIRECT_OBJC_ISA_USAGE = YES_ERROR;
				CLANG_WARN_DOCUMENTATION_COMMENTS = YES;
				CLANG_WARN_EMPTY_BODY = YES;
				CLANG_WARN_ENUM_CONVERSION = YES;
				CLANG_WARN_INFINITE_RECURSION = YES;
				CLANG_WARN_INT_CONVERSION = YES;
				CLANG_WARN_NON_LITERAL_NULL_CONVERSION = YES;
				CLANG_WARN_OBJC_IMPLICIT_RETAIN_SELF = YES;
				CLANG_WARN_OBJC_LITERAL_CONVERSION = YES;
				CLANG_WARN_OBJC_ROOT_CLASS = YES_ERROR;
				CLANG_WARN_QUOTED_INCLUDE_IN_FRAMEWORK_HEADER = YES;
				CLANG_WARN_RANGE_LOOP_ANALYSIS = YES;
				CLANG_WARN_STRICT_PROTOTYPES = YES;
				CLANG_WARN_SUSPICIOUS_MOVE = YES;
				CLANG_WARN_UNGUARDED_AVAILABILITY = YES_AGGRESSIVE;
				CLANG_WARN_UNREACHABLE_CODE = YES;
				CLANG_WARN__DUPLICATE_METHOD_MATCH = YES;
				COPY_PHASE_STRIP = NO;
				DEBUG_INFORMATION_FORMAT = dwarf;
				ENABLE_STRICT_OBJC_MSGSEND = YES;
				ENABLE_TESTABILITY = YES;
				GCC_C_LANGUAGE_STANDARD = gnu11;
				GCC_DYNAMIC_NO_PIC = NO;
				GCC_NO_COMMON_BLOCKS = YES;
				GCC_OPTIMIZATION_LEVEL = 0;
				GCC_PREPROCESSOR_DEFINITIONS = (
					"DEBUG=1",
					"$(inherited)",
				);
				GCC_WARN_64_TO_32_BIT_CONVERSION = YES;
				GCC_WARN_ABOUT_RETURN_TYPE = YES_ERROR;
				GCC_WARN_UNDECLARED_SELECTOR = YES;
				GCC_WARN_UNINITIALIZED_AUTOS = YES_AGGRESSIVE;
				GCC_WARN_UNUSED_FUNCTION = YES;
				GCC_WARN_UNUSED_VARIABLE = YES;
				IPHONEOS_DEPLOYMENT_TARGET = 16.4;
				MTL_ENABLE_DEBUG_INFO = INCLUDE_SOURCE;
				MTL_FAST_MATH = YES;
				ONLY_ACTIVE_ARCH = YES;
				SDKROOT = iphoneos;
				SWIFT_ACTIVE_COMPILATION_CONDITIONS = DEBUG;
				SWIFT_OPTIMIZATION_LEVEL = "-Onone";
			};
			name = Debug;
		};
		D6F6A3502AC593FA002ECA81 /* Release */ = {
			isa = XCBuildConfiguration;
			buildSettings = {
				ALWAYS_SEARCH_USER_PATHS = NO;
				CLANG_ANALYZER_NONNULL = YES;
				CLANG_ANALYZER_NUMBER_OBJECT_CONVERSION = YES_AGGRESSIVE;
				CLANG_CXX_LANGUAGE_STANDARD = "gnu++20";
				CLANG_ENABLE_MODULES = YES;
				CLANG_ENABLE_OBJC_ARC = YES;
				CLANG_ENABLE_OBJC_WEAK = YES;
				CLANG_WARN_BLOCK_CAPTURE_AUTORELEASING = YES;
				CLANG_WARN_BOOL_CONVERSION = YES;
				CLANG_WARN_COMMA = YES;
				CLANG_WARN_CONSTANT_CONVERSION = YES;
				CLANG_WARN_DEPRECATED_OBJC_IMPLEMENTATIONS = YES;
				CLANG_WARN_DIRECT_OBJC_ISA_USAGE = YES_ERROR;
				CLANG_WARN_DOCUMENTATION_COMMENTS = YES;
				CLANG_WARN_EMPTY_BODY = YES;
				CLANG_WARN_ENUM_CONVERSION = YES;
				CLANG_WARN_INFINITE_RECURSION = YES;
				CLANG_WARN_INT_CONVERSION = YES;
				CLANG_WARN_NON_LITERAL_NULL_CONVERSION = YES;
				CLANG_WARN_OBJC_IMPLICIT_RETAIN_SELF = YES;
				CLANG_WARN_OBJC_LITERAL_CONVERSION = YES;
				CLANG_WARN_OBJC_ROOT_CLASS = YES_ERROR;
				CLANG_WARN_QUOTED_INCLUDE_IN_FRAMEWORK_HEADER = YES;
				CLANG_WARN_RANGE_LOOP_ANALYSIS = YES;
				CLANG_WARN_STRICT_PROTOTYPES = YES;
				CLANG_WARN_SUSPICIOUS_MOVE = YES;
				CLANG_WARN_UNGUARDED_AVAILABILITY = YES_AGGRESSIVE;
				CLANG_WARN_UNREACHABLE_CODE = YES;
				CLANG_WARN__DUPLICATE_METHOD_MATCH = YES;
				COPY_PHASE_STRIP = NO;
				DEBUG_INFORMATION_FORMAT = "dwarf-with-dsym";
				ENABLE_NS_ASSERTIONS = NO;
				ENABLE_STRICT_OBJC_MSGSEND = YES;
				GCC_C_LANGUAGE_STANDARD = gnu11;
				GCC_NO_COMMON_BLOCKS = YES;
				GCC_WARN_64_TO_32_BIT_CONVERSION = YES;
				GCC_WARN_ABOUT_RETURN_TYPE = YES_ERROR;
				GCC_WARN_UNDECLARED_SELECTOR = YES;
				GCC_WARN_UNINITIALIZED_AUTOS = YES_AGGRESSIVE;
				GCC_WARN_UNUSED_FUNCTION = YES;
				GCC_WARN_UNUSED_VARIABLE = YES;
				IPHONEOS_DEPLOYMENT_TARGET = 16.4;
				MTL_ENABLE_DEBUG_INFO = NO;
				MTL_FAST_MATH = YES;
				SDKROOT = iphoneos;
				SWIFT_COMPILATION_MODE = wholemodule;
				SWIFT_OPTIMIZATION_LEVEL = "-O";
				VALIDATE_PRODUCT = YES;
			};
			name = Release;
		};
		D6F6A3522AC593FA002ECA81 /* Debug */ = {
			isa = XCBuildConfiguration;
			buildSettings = {
				ASSETCATALOG_COMPILER_APPICON_NAME = AppIcon;
				ASSETCATALOG_COMPILER_GLOBAL_ACCENT_COLOR_NAME = AccentColor;
				CODE_SIGN_ENTITLEMENTS = "My Orders/My Orders.entitlements";
				CODE_SIGN_STYLE = Automatic;
				CURRENT_PROJECT_VERSION = 3;
				DEVELOPMENT_ASSET_PATHS = "\"My Orders/Preview Content\"";
				DEVELOPMENT_TEAM = 5M6RD9L4AH;
				ENABLE_PREVIEWS = YES;
				GENERATE_INFOPLIST_FILE = YES;
				INFOPLIST_FILE = "My-Orders-Info.plist";
				INFOPLIST_KEY_CFBundleDisplayName = BizFlow;
				INFOPLIST_KEY_LSApplicationCategoryType = "public.app-category.business";
				INFOPLIST_KEY_UIApplicationSceneManifest_Generation = YES;
				INFOPLIST_KEY_UIApplicationSupportsIndirectInputEvents = YES;
				INFOPLIST_KEY_UILaunchScreen_Generation = YES;
				INFOPLIST_KEY_UISupportedInterfaceOrientations_iPad = "UIInterfaceOrientationPortrait UIInterfaceOrientationPortraitUpsideDown UIInterfaceOrientationLandscapeLeft UIInterfaceOrientationLandscapeRight";
				INFOPLIST_KEY_UISupportedInterfaceOrientations_iPhone = "UIInterfaceOrientationPortrait UIInterfaceOrientationLandscapeLeft UIInterfaceOrientationLandscapeRight";
				LD_RUNPATH_SEARCH_PATHS = (
					"$(inherited)",
					"@executable_path/Frameworks",
				);
				MARKETING_VERSION = 1.0.0;
				OTHER_LDFLAGS = "";
				"OTHER_LDFLAGS[arch=*]" = "-ObjC";
				PRODUCT_BUNDLE_IDENTIFIER = "com.My-Orders";
				PRODUCT_NAME = "$(TARGET_NAME)";
				SWIFT_EMIT_LOC_STRINGS = YES;
				SWIFT_VERSION = 5.0;
				TARGETED_DEVICE_FAMILY = "1,2";
			};
			name = Debug;
		};
		D6F6A3532AC593FA002ECA81 /* Release */ = {
			isa = XCBuildConfiguration;
			buildSettings = {
				ASSETCATALOG_COMPILER_APPICON_NAME = AppIcon;
				ASSETCATALOG_COMPILER_GLOBAL_ACCENT_COLOR_NAME = AccentColor;
				CODE_SIGN_ENTITLEMENTS = "My Orders/My Orders.entitlements";
				CODE_SIGN_STYLE = Automatic;
				CURRENT_PROJECT_VERSION = 3;
				DEVELOPMENT_ASSET_PATHS = "\"My Orders/Preview Content\"";
				DEVELOPMENT_TEAM = 5M6RD9L4AH;
				ENABLE_PREVIEWS = YES;
				GENERATE_INFOPLIST_FILE = YES;
				INFOPLIST_FILE = "My-Orders-Info.plist";
				INFOPLIST_KEY_CFBundleDisplayName = BizFlow;
				INFOPLIST_KEY_LSApplicationCategoryType = "public.app-category.business";
				INFOPLIST_KEY_UIApplicationSceneManifest_Generation = YES;
				INFOPLIST_KEY_UIApplicationSupportsIndirectInputEvents = YES;
				INFOPLIST_KEY_UILaunchScreen_Generation = YES;
				INFOPLIST_KEY_UISupportedInterfaceOrientations_iPad = "UIInterfaceOrientationPortrait UIInterfaceOrientationPortraitUpsideDown UIInterfaceOrientationLandscapeLeft UIInterfaceOrientationLandscapeRight";
				INFOPLIST_KEY_UISupportedInterfaceOrientations_iPhone = "UIInterfaceOrientationPortrait UIInterfaceOrientationLandscapeLeft UIInterfaceOrientationLandscapeRight";
				LD_RUNPATH_SEARCH_PATHS = (
					"$(inherited)",
					"@executable_path/Frameworks",
				);
				MARKETING_VERSION = 1.0.0;
				OTHER_LDFLAGS = "";
				"OTHER_LDFLAGS[arch=*]" = "-ObjC";
				PRODUCT_BUNDLE_IDENTIFIER = "com.My-Orders";
				PRODUCT_NAME = "$(TARGET_NAME)";
				SWIFT_EMIT_LOC_STRINGS = YES;
				SWIFT_VERSION = 5.0;
				TARGETED_DEVICE_FAMILY = "1,2";
			};
			name = Release;
		};
		D6F6A3552AC593FA002ECA81 /* Debug */ = {
			isa = XCBuildConfiguration;
			buildSettings = {
				ALWAYS_EMBED_SWIFT_STANDARD_LIBRARIES = YES;
				BUNDLE_LOADER = "$(TEST_HOST)";
				CODE_SIGN_STYLE = Automatic;
				CURRENT_PROJECT_VERSION = 1;
				GENERATE_INFOPLIST_FILE = YES;
				IPHONEOS_DEPLOYMENT_TARGET = 16.4;
				MARKETING_VERSION = 1.0;
				PRODUCT_BUNDLE_IDENTIFIER = "com.My-OrdersTests";
				PRODUCT_NAME = "$(TARGET_NAME)";
				SWIFT_EMIT_LOC_STRINGS = NO;
				SWIFT_VERSION = 5.0;
				TARGETED_DEVICE_FAMILY = "1,2";
				TEST_HOST = "$(BUILT_PRODUCTS_DIR)/My Orders.app/$(BUNDLE_EXECUTABLE_FOLDER_PATH)/My Orders";
			};
			name = Debug;
		};
		D6F6A3562AC593FA002ECA81 /* Release */ = {
			isa = XCBuildConfiguration;
			buildSettings = {
				ALWAYS_EMBED_SWIFT_STANDARD_LIBRARIES = YES;
				BUNDLE_LOADER = "$(TEST_HOST)";
				CODE_SIGN_STYLE = Automatic;
				CURRENT_PROJECT_VERSION = 1;
				GENERATE_INFOPLIST_FILE = YES;
				IPHONEOS_DEPLOYMENT_TARGET = 16.4;
				MARKETING_VERSION = 1.0;
				PRODUCT_BUNDLE_IDENTIFIER = "com.My-OrdersTests";
				PRODUCT_NAME = "$(TARGET_NAME)";
				SWIFT_EMIT_LOC_STRINGS = NO;
				SWIFT_VERSION = 5.0;
				TARGETED_DEVICE_FAMILY = "1,2";
				TEST_HOST = "$(BUILT_PRODUCTS_DIR)/My Orders.app/$(BUNDLE_EXECUTABLE_FOLDER_PATH)/My Orders";
			};
			name = Release;
		};
		D6F6A3582AC593FA002ECA81 /* Debug */ = {
			isa = XCBuildConfiguration;
			buildSettings = {
				ALWAYS_EMBED_SWIFT_STANDARD_LIBRARIES = YES;
				CODE_SIGN_STYLE = Automatic;
				CURRENT_PROJECT_VERSION = 1;
				GENERATE_INFOPLIST_FILE = YES;
				MARKETING_VERSION = 1.0;
				PRODUCT_BUNDLE_IDENTIFIER = "com.My-OrdersUITests";
				PRODUCT_NAME = "$(TARGET_NAME)";
				SWIFT_EMIT_LOC_STRINGS = NO;
				SWIFT_VERSION = 5.0;
				TARGETED_DEVICE_FAMILY = "1,2";
				TEST_TARGET_NAME = BizFlow;
			};
			name = Debug;
		};
		D6F6A3592AC593FA002ECA81 /* Release */ = {
			isa = XCBuildConfiguration;
			buildSettings = {
				ALWAYS_EMBED_SWIFT_STANDARD_LIBRARIES = YES;
				CODE_SIGN_STYLE = Automatic;
				CURRENT_PROJECT_VERSION = 1;
				GENERATE_INFOPLIST_FILE = YES;
				MARKETING_VERSION = 1.0;
				PRODUCT_BUNDLE_IDENTIFIER = "com.My-OrdersUITests";
				PRODUCT_NAME = "$(TARGET_NAME)";
				SWIFT_EMIT_LOC_STRINGS = NO;
				SWIFT_VERSION = 5.0;
				TARGETED_DEVICE_FAMILY = "1,2";
				TEST_TARGET_NAME = BizFlow;
			};
			name = Release;
		};
/* End XCBuildConfiguration section */

/* Begin XCConfigurationList section */
		D6F6A3282AC593F8002ECA81 /* Build configuration list for PBXProject "My Orders" */ = {
			isa = XCConfigurationList;
			buildConfigurations = (
				D6F6A34F2AC593FA002ECA81 /* Debug */,
				D6F6A3502AC593FA002ECA81 /* Release */,
			);
			defaultConfigurationIsVisible = 0;
			defaultConfigurationName = Release;
		};
		D6F6A3512AC593FA002ECA81 /* Build configuration list for PBXNativeTarget "My Orders" */ = {
			isa = XCConfigurationList;
			buildConfigurations = (
				D6F6A3522AC593FA002ECA81 /* Debug */,
				D6F6A3532AC593FA002ECA81 /* Release */,
			);
			defaultConfigurationIsVisible = 0;
			defaultConfigurationName = Release;
		};
		D6F6A3542AC593FA002ECA81 /* Build configuration list for PBXNativeTarget "My OrdersTests" */ = {
			isa = XCConfigurationList;
			buildConfigurations = (
				D6F6A3552AC593FA002ECA81 /* Debug */,
				D6F6A3562AC593FA002ECA81 /* Release */,
			);
			defaultConfigurationIsVisible = 0;
			defaultConfigurationName = Release;
		};
		D6F6A3572AC593FA002ECA81 /* Build configuration list for PBXNativeTarget "My OrdersUITests" */ = {
			isa = XCConfigurationList;
			buildConfigurations = (
				D6F6A3582AC593FA002ECA81 /* Debug */,
				D6F6A3592AC593FA002ECA81 /* Release */,
			);
			defaultConfigurationIsVisible = 0;
			defaultConfigurationName = Release;
		};
/* End XCConfigurationList section */

/* Begin XCRemoteSwiftPackageReference section */
		D64DD75C2B22743D0066BB7E /* XCRemoteSwiftPackageReference "ChartView" */ = {
			isa = XCRemoteSwiftPackageReference;
			repositoryURL = "https://github.com/AppPear/ChartView";
			requirement = {
				kind = upToNextMajorVersion;
				minimumVersion = 1.5.5;
			};
		};
		D66A36E02B2636A800A921CF /* XCRemoteSwiftPackageReference "GoogleSignIn-iOS" */ = {
			isa = XCRemoteSwiftPackageReference;
			repositoryURL = "https://github.com/google/GoogleSignIn-iOS.git";
			requirement = {
				kind = upToNextMajorVersion;
				minimumVersion = 7.0.0;
			};
		};
		D66A36E52B26EDE900A921CF /* XCRemoteSwiftPackageReference "firebase-ios-sdk" */ = {
			isa = XCRemoteSwiftPackageReference;
			repositoryURL = "https://github.com/firebase/firebase-ios-sdk.git";
			requirement = {
				kind = upToNextMajorVersion;
				minimumVersion = 10.19.0;
			};
		};
		D66A37182B28F34000A921CF /* XCRemoteSwiftPackageReference "swift-package-manager-google-mobile-ads" */ = {
			isa = XCRemoteSwiftPackageReference;
			repositoryURL = "https://github.com/googleads/swift-package-manager-google-mobile-ads.git";
			requirement = {
				kind = upToNextMajorVersion;
				minimumVersion = 10.14.0;
			};
		};
		D6F8CA602B2F53DC0031A7A2 /* XCRemoteSwiftPackageReference "ZipArchive" */ = {
			isa = XCRemoteSwiftPackageReference;
			repositoryURL = "https://github.com/ZipArchive/ZipArchive.git";
			requirement = {
				kind = upToNextMajorVersion;
				minimumVersion = 2.5.5;
			};
		};
/* End XCRemoteSwiftPackageReference section */

/* Begin XCSwiftPackageProductDependency section */
		D64DD75D2B22743D0066BB7E /* SwiftUICharts */ = {
			isa = XCSwiftPackageProductDependency;
			package = D64DD75C2B22743D0066BB7E /* XCRemoteSwiftPackageReference "ChartView" */;
			productName = SwiftUICharts;
		};
		D66A36E12B2636A800A921CF /* GoogleSignIn */ = {
			isa = XCSwiftPackageProductDependency;
			package = D66A36E02B2636A800A921CF /* XCRemoteSwiftPackageReference "GoogleSignIn-iOS" */;
			productName = GoogleSignIn;
		};
		D66A36E32B2636A800A921CF /* GoogleSignInSwift */ = {
			isa = XCSwiftPackageProductDependency;
			package = D66A36E02B2636A800A921CF /* XCRemoteSwiftPackageReference "GoogleSignIn-iOS" */;
			productName = GoogleSignInSwift;
		};
		D66A36FC2B27364100A921CF /* FirebaseAnalytics */ = {
			isa = XCSwiftPackageProductDependency;
			package = D66A36E52B26EDE900A921CF /* XCRemoteSwiftPackageReference "firebase-ios-sdk" */;
			productName = FirebaseAnalytics;
		};
		D66A36FE2B27364100A921CF /* FirebaseAnalyticsSwift */ = {
			isa = XCSwiftPackageProductDependency;
			package = D66A36E52B26EDE900A921CF /* XCRemoteSwiftPackageReference "firebase-ios-sdk" */;
			productName = FirebaseAnalyticsSwift;
		};
		D66A37002B27364100A921CF /* FirebaseAuth */ = {
			isa = XCSwiftPackageProductDependency;
			package = D66A36E52B26EDE900A921CF /* XCRemoteSwiftPackageReference "firebase-ios-sdk" */;
			productName = FirebaseAuth;
		};
		D66A37022B27364100A921CF /* FirebaseAuthCombine-Community */ = {
			isa = XCSwiftPackageProductDependency;
			package = D66A36E52B26EDE900A921CF /* XCRemoteSwiftPackageReference "firebase-ios-sdk" */;
			productName = "FirebaseAuthCombine-Community";
		};
		D66A37192B28F34000A921CF /* GoogleMobileAds */ = {
			isa = XCSwiftPackageProductDependency;
			package = D66A37182B28F34000A921CF /* XCRemoteSwiftPackageReference "swift-package-manager-google-mobile-ads" */;
			productName = GoogleMobileAds;
		};
		D66A371F2B2B3EA600A921CF /* FirebaseMessaging */ = {
			isa = XCSwiftPackageProductDependency;
			package = D66A36E52B26EDE900A921CF /* XCRemoteSwiftPackageReference "firebase-ios-sdk" */;
			productName = FirebaseMessaging;
		};
		D6F8CA612B2F53DD0031A7A2 /* ZipArchive */ = {
			isa = XCSwiftPackageProductDependency;
			package = D6F8CA602B2F53DC0031A7A2 /* XCRemoteSwiftPackageReference "ZipArchive" */;
			productName = ZipArchive;
		};
		D6F8CA662B2F7F870031A7A2 /* FirebaseDatabase */ = {
			isa = XCSwiftPackageProductDependency;
			package = D66A36E52B26EDE900A921CF /* XCRemoteSwiftPackageReference "firebase-ios-sdk" */;
			productName = FirebaseDatabase;
		};
		D6F8CA682B2F7F870031A7A2 /* FirebaseDatabaseSwift */ = {
			isa = XCSwiftPackageProductDependency;
			package = D66A36E52B26EDE900A921CF /* XCRemoteSwiftPackageReference "firebase-ios-sdk" */;
			productName = FirebaseDatabaseSwift;
		};
/* End XCSwiftPackageProductDependency section */
	};
	rootObject = D6F6A3252AC593F8002ECA81 /* Project object */;
}
