// !$*UTF8*$!
{
	archiveVersion = 1;
	classes = {
	};
	objectVersion = 56;
	objects = {

/* Begin PBXBuildFile section */
		D6674D012ACB9544003DE4BB /* ReceiptView.swift in Sources */ = {isa = PBXBuildFile; fileRef = D6674D002ACB9544003DE4BB /* ReceiptView.swift */; };
		D6674D032ACB9B75003DE4BB /* SharePDFView.swift in Sources */ = {isa = PBXBuildFile; fileRef = D6674D022ACB9B75003DE4BB /* SharePDFView.swift */; };
		D6674D052ACBA1B4003DE4BB /* AllReceiptsView.swift in Sources */ = {isa = PBXBuildFile; fileRef = D6674D042ACBA1B4003DE4BB /* AllReceiptsView.swift */; };
		D6674D072ACBA629003DE4BB /* ReceiptRowView.swift in Sources */ = {isa = PBXBuildFile; fileRef = D6674D062ACBA629003DE4BB /* ReceiptRowView.swift */; };
		D6674D092ACBB27D003DE4BB /* SignatureCaptureView.swift in Sources */ = {isa = PBXBuildFile; fileRef = D6674D082ACBB27D003DE4BB /* SignatureCaptureView.swift */; };
		D6674D0B2ACBB2B0003DE4BB /* SignaturePadView.swift in Sources */ = {isa = PBXBuildFile; fileRef = D6674D0A2ACBB2B0003DE4BB /* SignaturePadView.swift */; };
		D68867E02ACA247A00BCE734 /* SearchBar.swift in Sources */ = {isa = PBXBuildFile; fileRef = D68867DF2ACA247900BCE734 /* SearchBar.swift */; };
		D6AF62C42B126DCA0056C973 /* Toast.swift in Sources */ = {isa = PBXBuildFile; fileRef = D6AF62C32B126DCA0056C973 /* Toast.swift */; };
		D6AF62D02B12BCB90056C973 /* InventoryItem.swift in Sources */ = {isa = PBXBuildFile; fileRef = D6AF62CF2B12BCB90056C973 /* InventoryItem.swift */; };
		D6AF62D42B12BDAB0056C973 /* InventoryContentView.swift in Sources */ = {isa = PBXBuildFile; fileRef = D6AF62D32B12BDAB0056C973 /* InventoryContentView.swift */; };
		D6AF62D62B12C1E20056C973 /* AllInventoryItemsView.swift in Sources */ = {isa = PBXBuildFile; fileRef = D6AF62D52B12C1E20056C973 /* AllInventoryItemsView.swift */; };
		D6AF62D82B12C2990056C973 /* AddItemView.swift in Sources */ = {isa = PBXBuildFile; fileRef = D6AF62D72B12C2990056C973 /* AddItemView.swift */; };
		D6AF62DA2B12E9710056C973 /* EditItemView.swift in Sources */ = {isa = PBXBuildFile; fileRef = D6AF62D92B12E9710056C973 /* EditItemView.swift */; };
		D6AF62E02B1363000056C973 /* SettingsView.swift in Sources */ = {isa = PBXBuildFile; fileRef = D6AF62DF2B1363000056C973 /* SettingsView.swift */; };
		D6AF62E22B136A4F0056C973 /* AccountView.swift in Sources */ = {isa = PBXBuildFile; fileRef = D6AF62E12B136A4F0056C973 /* AccountView.swift */; };
		D6AF62E42B13724A0056C973 /* SignatureView.swift in Sources */ = {isa = PBXBuildFile; fileRef = D6AF62E32B13724A0056C973 /* SignatureView.swift */; };
		D6F6A3312AC593F8002ECA81 /* MyOrdersApp.swift in Sources */ = {isa = PBXBuildFile; fileRef = D6F6A3302AC593F8002ECA81 /* MyOrdersApp.swift */; };
		D6F6A3332AC593F8002ECA81 /* ContentView.swift in Sources */ = {isa = PBXBuildFile; fileRef = D6F6A3322AC593F8002ECA81 /* ContentView.swift */; };
		D6F6A3352AC593FA002ECA81 /* Assets.xcassets in Resources */ = {isa = PBXBuildFile; fileRef = D6F6A3342AC593FA002ECA81 /* Assets.xcassets */; };
		D6F6A3382AC593FA002ECA81 /* Preview Assets.xcassets in Resources */ = {isa = PBXBuildFile; fileRef = D6F6A3372AC593FA002ECA81 /* Preview Assets.xcassets */; };
		D6F6A35B2AC59961002ECA81 /* OrdersManager.swift in Sources */ = {isa = PBXBuildFile; fileRef = D6F6A35A2AC59961002ECA81 /* OrdersManager.swift */; };
		D6F6A35F2AC59CEF002ECA81 /* OrderDetailsView.swift in Sources */ = {isa = PBXBuildFile; fileRef = D6F6A35E2AC59CEF002ECA81 /* OrderDetailsView.swift */; };
		D6F6A3612AC59FB6002ECA81 /* OrderRowView.swift in Sources */ = {isa = PBXBuildFile; fileRef = D6F6A3602AC59FB6002ECA81 /* OrderRowView.swift */; };
		D6F6A3632AC59FCE002ECA81 /* AddOrderView.swift in Sources */ = {isa = PBXBuildFile; fileRef = D6F6A3622AC59FCE002ECA81 /* AddOrderView.swift */; };
		D6F6A3652AC5B058002ECA81 /* AllOrdersView.swift in Sources */ = {isa = PBXBuildFile; fileRef = D6F6A3642AC5B058002ECA81 /* AllOrdersView.swift */; };
		D6F6A36B2AC5FA1B002ECA81 /* UpcomingOrdersView.swift in Sources */ = {isa = PBXBuildFile; fileRef = D6F6A36A2AC5FA1B002ECA81 /* UpcomingOrdersView.swift */; };
/* End PBXBuildFile section */

/* Begin PBXContainerItemProxy section */
		D6F6A33E2AC593FA002ECA81 /* PBXContainerItemProxy */ = {
			isa = PBXContainerItemProxy;
			containerPortal = D6F6A3252AC593F8002ECA81 /* Project object */;
			proxyType = 1;
			remoteGlobalIDString = D6F6A32C2AC593F8002ECA81;
			remoteInfo = "My Orders";
		};
		D6F6A3482AC593FA002ECA81 /* PBXContainerItemProxy */ = {
			isa = PBXContainerItemProxy;
			containerPortal = D6F6A3252AC593F8002ECA81 /* Project object */;
			proxyType = 1;
			remoteGlobalIDString = D6F6A32C2AC593F8002ECA81;
			remoteInfo = "My Orders";
		};
/* End PBXContainerItemProxy section */

/* Begin PBXFileReference section */
		D6674D002ACB9544003DE4BB /* ReceiptView.swift */ = {isa = PBXFileReference; lastKnownFileType = sourcecode.swift; path = ReceiptView.swift; sourceTree = "<group>"; };
		D6674D022ACB9B75003DE4BB /* SharePDFView.swift */ = {isa = PBXFileReference; lastKnownFileType = sourcecode.swift; path = SharePDFView.swift; sourceTree = "<group>"; };
		D6674D042ACBA1B4003DE4BB /* AllReceiptsView.swift */ = {isa = PBXFileReference; lastKnownFileType = sourcecode.swift; path = AllReceiptsView.swift; sourceTree = "<group>"; };
		D6674D062ACBA629003DE4BB /* ReceiptRowView.swift */ = {isa = PBXFileReference; lastKnownFileType = sourcecode.swift; path = ReceiptRowView.swift; sourceTree = "<group>"; };
		D6674D082ACBB27D003DE4BB /* SignatureCaptureView.swift */ = {isa = PBXFileReference; lastKnownFileType = sourcecode.swift; path = SignatureCaptureView.swift; sourceTree = "<group>"; };
		D6674D0A2ACBB2B0003DE4BB /* SignaturePadView.swift */ = {isa = PBXFileReference; lastKnownFileType = sourcecode.swift; path = SignaturePadView.swift; sourceTree = "<group>"; };
		D68867DF2ACA247900BCE734 /* SearchBar.swift */ = {isa = PBXFileReference; lastKnownFileType = sourcecode.swift; path = SearchBar.swift; sourceTree = "<group>"; };
		D6AF62C32B126DCA0056C973 /* Toast.swift */ = {isa = PBXFileReference; lastKnownFileType = sourcecode.swift; name = Toast.swift; path = "My Orders/Utils/Toast.swift"; sourceTree = SOURCE_ROOT; };
		D6AF62CF2B12BCB90056C973 /* InventoryItem.swift */ = {isa = PBXFileReference; lastKnownFileType = sourcecode.swift; path = InventoryItem.swift; sourceTree = "<group>"; };
		D6AF62D32B12BDAB0056C973 /* InventoryContentView.swift */ = {isa = PBXFileReference; lastKnownFileType = sourcecode.swift; path = InventoryContentView.swift; sourceTree = "<group>"; };
		D6AF62D52B12C1E20056C973 /* AllInventoryItemsView.swift */ = {isa = PBXFileReference; lastKnownFileType = sourcecode.swift; path = AllInventoryItemsView.swift; sourceTree = "<group>"; };
		D6AF62D72B12C2990056C973 /* AddItemView.swift */ = {isa = PBXFileReference; lastKnownFileType = sourcecode.swift; path = AddItemView.swift; sourceTree = "<group>"; };
		D6AF62D92B12E9710056C973 /* EditItemView.swift */ = {isa = PBXFileReference; lastKnownFileType = sourcecode.swift; path = EditItemView.swift; sourceTree = "<group>"; };
		D6AF62DF2B1363000056C973 /* SettingsView.swift */ = {isa = PBXFileReference; lastKnownFileType = sourcecode.swift; path = SettingsView.swift; sourceTree = "<group>"; };
		D6AF62E12B136A4F0056C973 /* AccountView.swift */ = {isa = PBXFileReference; lastKnownFileType = sourcecode.swift; path = AccountView.swift; sourceTree = "<group>"; };
		D6AF62E32B13724A0056C973 /* SignatureView.swift */ = {isa = PBXFileReference; lastKnownFileType = sourcecode.swift; path = SignatureView.swift; sourceTree = "<group>"; };
		D6F6A32D2AC593F8002ECA81 /* My Orders.app */ = {isa = PBXFileReference; explicitFileType = wrapper.application; includeInIndex = 0; path = "My Orders.app"; sourceTree = BUILT_PRODUCTS_DIR; };
		D6F6A3302AC593F8002ECA81 /* MyOrdersApp.swift */ = {isa = PBXFileReference; lastKnownFileType = sourcecode.swift; path = MyOrdersApp.swift; sourceTree = "<group>"; };
		D6F6A3322AC593F8002ECA81 /* ContentView.swift */ = {isa = PBXFileReference; lastKnownFileType = sourcecode.swift; path = ContentView.swift; sourceTree = "<group>"; };
		D6F6A3342AC593FA002ECA81 /* Assets.xcassets */ = {isa = PBXFileReference; lastKnownFileType = folder.assetcatalog; path = Assets.xcassets; sourceTree = "<group>"; };
		D6F6A3372AC593FA002ECA81 /* Preview Assets.xcassets */ = {isa = PBXFileReference; lastKnownFileType = folder.assetcatalog; path = "Preview Assets.xcassets"; sourceTree = "<group>"; };
		D6F6A33D2AC593FA002ECA81 /* My OrdersTests.xctest */ = {isa = PBXFileReference; explicitFileType = wrapper.cfbundle; includeInIndex = 0; path = "My OrdersTests.xctest"; sourceTree = BUILT_PRODUCTS_DIR; };
		D6F6A3472AC593FA002ECA81 /* My OrdersUITests.xctest */ = {isa = PBXFileReference; explicitFileType = wrapper.cfbundle; includeInIndex = 0; path = "My OrdersUITests.xctest"; sourceTree = BUILT_PRODUCTS_DIR; };
		D6F6A35A2AC59961002ECA81 /* OrdersManager.swift */ = {isa = PBXFileReference; lastKnownFileType = sourcecode.swift; path = OrdersManager.swift; sourceTree = "<group>"; };
		D6F6A35E2AC59CEF002ECA81 /* OrderDetailsView.swift */ = {isa = PBXFileReference; lastKnownFileType = sourcecode.swift; path = OrderDetailsView.swift; sourceTree = "<group>"; };
		D6F6A3602AC59FB6002ECA81 /* OrderRowView.swift */ = {isa = PBXFileReference; lastKnownFileType = sourcecode.swift; path = OrderRowView.swift; sourceTree = "<group>"; };
		D6F6A3622AC59FCE002ECA81 /* AddOrderView.swift */ = {isa = PBXFileReference; lastKnownFileType = sourcecode.swift; path = AddOrderView.swift; sourceTree = "<group>"; };
		D6F6A3642AC5B058002ECA81 /* AllOrdersView.swift */ = {isa = PBXFileReference; lastKnownFileType = sourcecode.swift; path = AllOrdersView.swift; sourceTree = "<group>"; };
		D6F6A36A2AC5FA1B002ECA81 /* UpcomingOrdersView.swift */ = {isa = PBXFileReference; lastKnownFileType = sourcecode.swift; path = UpcomingOrdersView.swift; sourceTree = "<group>"; };
/* End PBXFileReference section */

/* Begin PBXFrameworksBuildPhase section */
		D6F6A32A2AC593F8002ECA81 /* Frameworks */ = {
			isa = PBXFrameworksBuildPhase;
			buildActionMask = 2147483647;
			files = (
			);
			runOnlyForDeploymentPostprocessing = 0;
		};
		D6F6A33A2AC593FA002ECA81 /* Frameworks */ = {
			isa = PBXFrameworksBuildPhase;
			buildActionMask = 2147483647;
			files = (
			);
			runOnlyForDeploymentPostprocessing = 0;
		};
		D6F6A3442AC593FA002ECA81 /* Frameworks */ = {
			isa = PBXFrameworksBuildPhase;
			buildActionMask = 2147483647;
			files = (
			);
			runOnlyForDeploymentPostprocessing = 0;
		};
/* End PBXFrameworksBuildPhase section */

/* Begin PBXGroup section */
		D6AF62CE2B12BC9F0056C973 /* Inventory */ = {
			isa = PBXGroup;
			children = (
				D6AF62CF2B12BCB90056C973 /* InventoryItem.swift */,
				D6AF62D32B12BDAB0056C973 /* InventoryContentView.swift */,
				D6AF62D52B12C1E20056C973 /* AllInventoryItemsView.swift */,
				D6AF62D72B12C2990056C973 /* AddItemView.swift */,
				D6AF62D92B12E9710056C973 /* EditItemView.swift */,
			);
			path = Inventory;
			sourceTree = "<group>";
		};
		D6AF62DC2B12F5E80056C973 /* Orders */ = {
			isa = PBXGroup;
			children = (
				D6F6A35A2AC59961002ECA81 /* OrdersManager.swift */,
				D6F6A3622AC59FCE002ECA81 /* AddOrderView.swift */,
				D6F6A3602AC59FB6002ECA81 /* OrderRowView.swift */,
				D6F6A35E2AC59CEF002ECA81 /* OrderDetailsView.swift */,
				D6F6A3642AC5B058002ECA81 /* AllOrdersView.swift */,
				D6F6A36A2AC5FA1B002ECA81 /* UpcomingOrdersView.swift */,
				D6F6A3322AC593F8002ECA81 /* ContentView.swift */,
				D6674D042ACBA1B4003DE4BB /* AllReceiptsView.swift */,
				D6674D002ACB9544003DE4BB /* ReceiptView.swift */,
				D6674D062ACBA629003DE4BB /* ReceiptRowView.swift */,
				D6674D022ACB9B75003DE4BB /* SharePDFView.swift */,
				D6674D082ACBB27D003DE4BB /* SignatureCaptureView.swift */,
				D6674D0A2ACBB2B0003DE4BB /* SignaturePadView.swift */,
			);
			path = Orders;
			sourceTree = "<group>";
		};
		D6AF62DD2B12F6220056C973 /* Utils */ = {
			isa = PBXGroup;
			children = (
				D6AF62C32B126DCA0056C973 /* Toast.swift */,
				D68867DF2ACA247900BCE734 /* SearchBar.swift */,
			);
			path = Utils;
			sourceTree = "<group>";
		};
		D6AF62DE2B1362EA0056C973 /* Settings */ = {
			isa = PBXGroup;
			children = (
				D6AF62DF2B1363000056C973 /* SettingsView.swift */,
				D6AF62E12B136A4F0056C973 /* AccountView.swift */,
				D6AF62E32B13724A0056C973 /* SignatureView.swift */,
			);
			path = Settings;
			sourceTree = "<group>";
		};
		D6F6A3242AC593F8002ECA81 = {
			isa = PBXGroup;
			children = (
				D6F6A32F2AC593F8002ECA81 /* My Orders */,
				D6F6A32E2AC593F8002ECA81 /* Products */,
			);
			sourceTree = "<group>";
		};
		D6F6A32E2AC593F8002ECA81 /* Products */ = {
			isa = PBXGroup;
			children = (
				D6F6A32D2AC593F8002ECA81 /* My Orders.app */,
				D6F6A33D2AC593FA002ECA81 /* My OrdersTests.xctest */,
				D6F6A3472AC593FA002ECA81 /* My OrdersUITests.xctest */,
			);
			name = Products;
			sourceTree = "<group>";
		};
		D6F6A32F2AC593F8002ECA81 /* My Orders */ = {
			isa = PBXGroup;
			children = (
				D6F6A3302AC593F8002ECA81 /* MyOrdersApp.swift */,
				D6AF62DC2B12F5E80056C973 /* Orders */,
				D6AF62CE2B12BC9F0056C973 /* Inventory */,
				D6AF62DE2B1362EA0056C973 /* Settings */,
				D6AF62DD2B12F6220056C973 /* Utils */,
				D6F6A3342AC593FA002ECA81 /* Assets.xcassets */,
				D6F6A3362AC593FA002ECA81 /* Preview Content */,
			);
			path = "My Orders";
			sourceTree = "<group>";
		};
		D6F6A3362AC593FA002ECA81 /* Preview Content */ = {
			isa = PBXGroup;
			children = (
				D6F6A3372AC593FA002ECA81 /* Preview Assets.xcassets */,
			);
			path = "Preview Content";
			sourceTree = "<group>";
		};
/* End PBXGroup section */

/* Begin PBXNativeTarget section */
		D6F6A32C2AC593F8002ECA81 /* My Orders */ = {
			isa = PBXNativeTarget;
			buildConfigurationList = D6F6A3512AC593FA002ECA81 /* Build configuration list for PBXNativeTarget "My Orders" */;
			buildPhases = (
				D6F6A3292AC593F8002ECA81 /* Sources */,
				D6F6A32A2AC593F8002ECA81 /* Frameworks */,
				D6F6A32B2AC593F8002ECA81 /* Resources */,
			);
			buildRules = (
			);
			dependencies = (
			);
			name = "My Orders";
			productName = "My Orders";
			productReference = D6F6A32D2AC593F8002ECA81 /* My Orders.app */;
			productType = "com.apple.product-type.application";
		};
		D6F6A33C2AC593FA002ECA81 /* My OrdersTests */ = {
			isa = PBXNativeTarget;
			buildConfigurationList = D6F6A3542AC593FA002ECA81 /* Build configuration list for PBXNativeTarget "My OrdersTests" */;
			buildPhases = (
				D6F6A3392AC593FA002ECA81 /* Sources */,
				D6F6A33A2AC593FA002ECA81 /* Frameworks */,
				D6F6A33B2AC593FA002ECA81 /* Resources */,
			);
			buildRules = (
			);
			dependencies = (
				D6F6A33F2AC593FA002ECA81 /* PBXTargetDependency */,
			);
			name = "My OrdersTests";
			productName = "My OrdersTests";
			productReference = D6F6A33D2AC593FA002ECA81 /* My OrdersTests.xctest */;
			productType = "com.apple.product-type.bundle.unit-test";
		};
		D6F6A3462AC593FA002ECA81 /* My OrdersUITests */ = {
			isa = PBXNativeTarget;
			buildConfigurationList = D6F6A3572AC593FA002ECA81 /* Build configuration list for PBXNativeTarget "My OrdersUITests" */;
			buildPhases = (
				D6F6A3432AC593FA002ECA81 /* Sources */,
				D6F6A3442AC593FA002ECA81 /* Frameworks */,
				D6F6A3452AC593FA002ECA81 /* Resources */,
			);
			buildRules = (
			);
			dependencies = (
				D6F6A3492AC593FA002ECA81 /* PBXTargetDependency */,
			);
			name = "My OrdersUITests";
			productName = "My OrdersUITests";
			productReference = D6F6A3472AC593FA002ECA81 /* My OrdersUITests.xctest */;
			productType = "com.apple.product-type.bundle.ui-testing";
		};
/* End PBXNativeTarget section */

/* Begin PBXProject section */
		D6F6A3252AC593F8002ECA81 /* Project object */ = {
			isa = PBXProject;
			attributes = {
				BuildIndependentTargetsInParallel = 1;
				LastSwiftUpdateCheck = 1430;
				LastUpgradeCheck = 1430;
				TargetAttributes = {
					D6F6A32C2AC593F8002ECA81 = {
						CreatedOnToolsVersion = 14.3.1;
					};
					D6F6A33C2AC593FA002ECA81 = {
						CreatedOnToolsVersion = 14.3.1;
						TestTargetID = D6F6A32C2AC593F8002ECA81;
					};
					D6F6A3462AC593FA002ECA81 = {
						CreatedOnToolsVersion = 14.3.1;
						TestTargetID = D6F6A32C2AC593F8002ECA81;
					};
				};
			};
			buildConfigurationList = D6F6A3282AC593F8002ECA81 /* Build configuration list for PBXProject "My Orders" */;
			compatibilityVersion = "Xcode 14.0";
			developmentRegion = en;
			hasScannedForEncodings = 0;
			knownRegions = (
				en,
				Base,
			);
			mainGroup = D6F6A3242AC593F8002ECA81;
			productRefGroup = D6F6A32E2AC593F8002ECA81 /* Products */;
			projectDirPath = "";
			projectRoot = "";
			targets = (
				D6F6A32C2AC593F8002ECA81 /* My Orders */,
				D6F6A33C2AC593FA002ECA81 /* My OrdersTests */,
				D6F6A3462AC593FA002ECA81 /* My OrdersUITests */,
			);
		};
/* End PBXProject section */

/* Begin PBXResourcesBuildPhase section */
		D6F6A32B2AC593F8002ECA81 /* Resources */ = {
			isa = PBXResourcesBuildPhase;
			buildActionMask = 2147483647;
			files = (
				D6F6A3382AC593FA002ECA81 /* Preview Assets.xcassets in Resources */,
				D6F6A3352AC593FA002ECA81 /* Assets.xcassets in Resources */,
			);
			runOnlyForDeploymentPostprocessing = 0;
		};
		D6F6A33B2AC593FA002ECA81 /* Resources */ = {
			isa = PBXResourcesBuildPhase;
			buildActionMask = 2147483647;
			files = (
			);
			runOnlyForDeploymentPostprocessing = 0;
		};
		D6F6A3452AC593FA002ECA81 /* Resources */ = {
			isa = PBXResourcesBuildPhase;
			buildActionMask = 2147483647;
			files = (
			);
			runOnlyForDeploymentPostprocessing = 0;
		};
/* End PBXResourcesBuildPhase section */

/* Begin PBXSourcesBuildPhase section */
		D6F6A3292AC593F8002ECA81 /* Sources */ = {
			isa = PBXSourcesBuildPhase;
			buildActionMask = 2147483647;
			files = (
				D6AF62D02B12BCB90056C973 /* InventoryItem.swift in Sources */,
				D6F6A3332AC593F8002ECA81 /* ContentView.swift in Sources */,
				D6AF62D42B12BDAB0056C973 /* InventoryContentView.swift in Sources */,
				D6AF62C42B126DCA0056C973 /* Toast.swift in Sources */,
				D6F6A35B2AC59961002ECA81 /* OrdersManager.swift in Sources */,
				D6F6A3312AC593F8002ECA81 /* MyOrdersApp.swift in Sources */,
				D6F6A3632AC59FCE002ECA81 /* AddOrderView.swift in Sources */,
				D6F6A3612AC59FB6002ECA81 /* OrderRowView.swift in Sources */,
				D6AF62E22B136A4F0056C973 /* AccountView.swift in Sources */,
				D6674D0B2ACBB2B0003DE4BB /* SignaturePadView.swift in Sources */,
				D6F6A35F2AC59CEF002ECA81 /* OrderDetailsView.swift in Sources */,
				D6F6A36B2AC5FA1B002ECA81 /* UpcomingOrdersView.swift in Sources */,
				D6AF62D62B12C1E20056C973 /* AllInventoryItemsView.swift in Sources */,
				D6674D052ACBA1B4003DE4BB /* AllReceiptsView.swift in Sources */,
				D6674D072ACBA629003DE4BB /* ReceiptRowView.swift in Sources */,
				D6674D012ACB9544003DE4BB /* ReceiptView.swift in Sources */,
				D6AF62DA2B12E9710056C973 /* EditItemView.swift in Sources */,
				D6674D092ACBB27D003DE4BB /* SignatureCaptureView.swift in Sources */,
				D68867E02ACA247A00BCE734 /* SearchBar.swift in Sources */,
				D6AF62E42B13724A0056C973 /* SignatureView.swift in Sources */,
				D6AF62D82B12C2990056C973 /* AddItemView.swift in Sources */,
				D6674D032ACB9B75003DE4BB /* SharePDFView.swift in Sources */,
				D6F6A3652AC5B058002ECA81 /* AllOrdersView.swift in Sources */,
				D6AF62E02B1363000056C973 /* SettingsView.swift in Sources */,
			);
			runOnlyForDeploymentPostprocessing = 0;
		};
		D6F6A3392AC593FA002ECA81 /* Sources */ = {
			isa = PBXSourcesBuildPhase;
			buildActionMask = 2147483647;
			files = (
			);
			runOnlyForDeploymentPostprocessing = 0;
		};
		D6F6A3432AC593FA002ECA81 /* Sources */ = {
			isa = PBXSourcesBuildPhase;
			buildActionMask = 2147483647;
			files = (
			);
			runOnlyForDeploymentPostprocessing = 0;
		};
/* End PBXSourcesBuildPhase section */

/* Begin PBXTargetDependency section */
		D6F6A33F2AC593FA002ECA81 /* PBXTargetDependency */ = {
			isa = PBXTargetDependency;
			target = D6F6A32C2AC593F8002ECA81 /* My Orders */;
			targetProxy = D6F6A33E2AC593FA002ECA81 /* PBXContainerItemProxy */;
		};
		D6F6A3492AC593FA002ECA81 /* PBXTargetDependency */ = {
			isa = PBXTargetDependency;
			target = D6F6A32C2AC593F8002ECA81 /* My Orders */;
			targetProxy = D6F6A3482AC593FA002ECA81 /* PBXContainerItemProxy */;
		};
/* End PBXTargetDependency section */

/* Begin XCBuildConfiguration section */
		D6F6A34F2AC593FA002ECA81 /* Debug */ = {
			isa = XCBuildConfiguration;
			buildSettings = {
				ALWAYS_SEARCH_USER_PATHS = NO;
				CLANG_ANALYZER_NONNULL = YES;
				CLANG_ANALYZER_NUMBER_OBJECT_CONVERSION = YES_AGGRESSIVE;
				CLANG_CXX_LANGUAGE_STANDARD = "gnu++20";
				CLANG_ENABLE_MODULES = YES;
				CLANG_ENABLE_OBJC_ARC = YES;
				CLANG_ENABLE_OBJC_WEAK = YES;
				CLANG_WARN_BLOCK_CAPTURE_AUTORELEASING = YES;
				CLANG_WARN_BOOL_CONVERSION = YES;
				CLANG_WARN_COMMA = YES;
				CLANG_WARN_CONSTANT_CONVERSION = YES;
				CLANG_WARN_DEPRECATED_OBJC_IMPLEMENTATIONS = YES;
				CLANG_WARN_DIRECT_OBJC_ISA_USAGE = YES_ERROR;
				CLANG_WARN_DOCUMENTATION_COMMENTS = YES;
				CLANG_WARN_EMPTY_BODY = YES;
				CLANG_WARN_ENUM_CONVERSION = YES;
				CLANG_WARN_INFINITE_RECURSION = YES;
				CLANG_WARN_INT_CONVERSION = YES;
				CLANG_WARN_NON_LITERAL_NULL_CONVERSION = YES;
				CLANG_WARN_OBJC_IMPLICIT_RETAIN_SELF = YES;
				CLANG_WARN_OBJC_LITERAL_CONVERSION = YES;
				CLANG_WARN_OBJC_ROOT_CLASS = YES_ERROR;
				CLANG_WARN_QUOTED_INCLUDE_IN_FRAMEWORK_HEADER = YES;
				CLANG_WARN_RANGE_LOOP_ANALYSIS = YES;
				CLANG_WARN_STRICT_PROTOTYPES = YES;
				CLANG_WARN_SUSPICIOUS_MOVE = YES;
				CLANG_WARN_UNGUARDED_AVAILABILITY = YES_AGGRESSIVE;
				CLANG_WARN_UNREACHABLE_CODE = YES;
				CLANG_WARN__DUPLICATE_METHOD_MATCH = YES;
				COPY_PHASE_STRIP = NO;
				DEBUG_INFORMATION_FORMAT = dwarf;
				ENABLE_STRICT_OBJC_MSGSEND = YES;
				ENABLE_TESTABILITY = YES;
				GCC_C_LANGUAGE_STANDARD = gnu11;
				GCC_DYNAMIC_NO_PIC = NO;
				GCC_NO_COMMON_BLOCKS = YES;
				GCC_OPTIMIZATION_LEVEL = 0;
				GCC_PREPROCESSOR_DEFINITIONS = (
					"DEBUG=1",
					"$(inherited)",
				);
				GCC_WARN_64_TO_32_BIT_CONVERSION = YES;
				GCC_WARN_ABOUT_RETURN_TYPE = YES_ERROR;
				GCC_WARN_UNDECLARED_SELECTOR = YES;
				GCC_WARN_UNINITIALIZED_AUTOS = YES_AGGRESSIVE;
				GCC_WARN_UNUSED_FUNCTION = YES;
				GCC_WARN_UNUSED_VARIABLE = YES;
				IPHONEOS_DEPLOYMENT_TARGET = 16.4;
				MTL_ENABLE_DEBUG_INFO = INCLUDE_SOURCE;
				MTL_FAST_MATH = YES;
				ONLY_ACTIVE_ARCH = YES;
				SDKROOT = iphoneos;
				SWIFT_ACTIVE_COMPILATION_CONDITIONS = DEBUG;
				SWIFT_OPTIMIZATION_LEVEL = "-Onone";
			};
			name = Debug;
		};
		D6F6A3502AC593FA002ECA81 /* Release */ = {
			isa = XCBuildConfiguration;
			buildSettings = {
				ALWAYS_SEARCH_USER_PATHS = NO;
				CLANG_ANALYZER_NONNULL = YES;
				CLANG_ANALYZER_NUMBER_OBJECT_CONVERSION = YES_AGGRESSIVE;
				CLANG_CXX_LANGUAGE_STANDARD = "gnu++20";
				CLANG_ENABLE_MODULES = YES;
				CLANG_ENABLE_OBJC_ARC = YES;
				CLANG_ENABLE_OBJC_WEAK = YES;
				CLANG_WARN_BLOCK_CAPTURE_AUTORELEASING = YES;
				CLANG_WARN_BOOL_CONVERSION = YES;
				CLANG_WARN_COMMA = YES;
				CLANG_WARN_CONSTANT_CONVERSION = YES;
				CLANG_WARN_DEPRECATED_OBJC_IMPLEMENTATIONS = YES;
				CLANG_WARN_DIRECT_OBJC_ISA_USAGE = YES_ERROR;
				CLANG_WARN_DOCUMENTATION_COMMENTS = YES;
				CLANG_WARN_EMPTY_BODY = YES;
				CLANG_WARN_ENUM_CONVERSION = YES;
				CLANG_WARN_INFINITE_RECURSION = YES;
				CLANG_WARN_INT_CONVERSION = YES;
				CLANG_WARN_NON_LITERAL_NULL_CONVERSION = YES;
				CLANG_WARN_OBJC_IMPLICIT_RETAIN_SELF = YES;
				CLANG_WARN_OBJC_LITERAL_CONVERSION = YES;
				CLANG_WARN_OBJC_ROOT_CLASS = YES_ERROR;
				CLANG_WARN_QUOTED_INCLUDE_IN_FRAMEWORK_HEADER = YES;
				CLANG_WARN_RANGE_LOOP_ANALYSIS = YES;
				CLANG_WARN_STRICT_PROTOTYPES = YES;
				CLANG_WARN_SUSPICIOUS_MOVE = YES;
				CLANG_WARN_UNGUARDED_AVAILABILITY = YES_AGGRESSIVE;
				CLANG_WARN_UNREACHABLE_CODE = YES;
				CLANG_WARN__DUPLICATE_METHOD_MATCH = YES;
				COPY_PHASE_STRIP = NO;
				DEBUG_INFORMATION_FORMAT = "dwarf-with-dsym";
				ENABLE_NS_ASSERTIONS = NO;
				ENABLE_STRICT_OBJC_MSGSEND = YES;
				GCC_C_LANGUAGE_STANDARD = gnu11;
				GCC_NO_COMMON_BLOCKS = YES;
				GCC_WARN_64_TO_32_BIT_CONVERSION = YES;
				GCC_WARN_ABOUT_RETURN_TYPE = YES_ERROR;
				GCC_WARN_UNDECLARED_SELECTOR = YES;
				GCC_WARN_UNINITIALIZED_AUTOS = YES_AGGRESSIVE;
				GCC_WARN_UNUSED_FUNCTION = YES;
				GCC_WARN_UNUSED_VARIABLE = YES;
				IPHONEOS_DEPLOYMENT_TARGET = 16.4;
				MTL_ENABLE_DEBUG_INFO = NO;
				MTL_FAST_MATH = YES;
				SDKROOT = iphoneos;
				SWIFT_COMPILATION_MODE = wholemodule;
				SWIFT_OPTIMIZATION_LEVEL = "-O";
				VALIDATE_PRODUCT = YES;
			};
			name = Release;
		};
		D6F6A3522AC593FA002ECA81 /* Debug */ = {
			isa = XCBuildConfiguration;
			buildSettings = {
				ASSETCATALOG_COMPILER_APPICON_NAME = AppIcon;
				ASSETCATALOG_COMPILER_GLOBAL_ACCENT_COLOR_NAME = AccentColor;
				CODE_SIGN_STYLE = Automatic;
				CURRENT_PROJECT_VERSION = 1;
				DEVELOPMENT_ASSET_PATHS = "\"My Orders/Preview Content\"";
				DEVELOPMENT_TEAM = 5M6RD9L4AH;
				ENABLE_PREVIEWS = YES;
				GENERATE_INFOPLIST_FILE = YES;
				INFOPLIST_KEY_UIApplicationSceneManifest_Generation = YES;
				INFOPLIST_KEY_UIApplicationSupportsIndirectInputEvents = YES;
				INFOPLIST_KEY_UILaunchScreen_Generation = YES;
				INFOPLIST_KEY_UISupportedInterfaceOrientations_iPad = "UIInterfaceOrientationPortrait UIInterfaceOrientationPortraitUpsideDown UIInterfaceOrientationLandscapeLeft UIInterfaceOrientationLandscapeRight";
				INFOPLIST_KEY_UISupportedInterfaceOrientations_iPhone = "UIInterfaceOrientationPortrait UIInterfaceOrientationLandscapeLeft UIInterfaceOrientationLandscapeRight";
				LD_RUNPATH_SEARCH_PATHS = (
					"$(inherited)",
					"@executable_path/Frameworks",
				);
				MARKETING_VERSION = 1.0;
				PRODUCT_BUNDLE_IDENTIFIER = "com.My-Orders";
				PRODUCT_NAME = "$(TARGET_NAME)";
				SWIFT_EMIT_LOC_STRINGS = YES;
				SWIFT_VERSION = 5.0;
				TARGETED_DEVICE_FAMILY = "1,2";
			};
			name = Debug;
		};
		D6F6A3532AC593FA002ECA81 /* Release */ = {
			isa = XCBuildConfiguration;
			buildSettings = {
				ASSETCATALOG_COMPILER_APPICON_NAME = AppIcon;
				ASSETCATALOG_COMPILER_GLOBAL_ACCENT_COLOR_NAME = AccentColor;
				CODE_SIGN_STYLE = Automatic;
				CURRENT_PROJECT_VERSION = 1;
				DEVELOPMENT_ASSET_PATHS = "\"My Orders/Preview Content\"";
				DEVELOPMENT_TEAM = 5M6RD9L4AH;
				ENABLE_PREVIEWS = YES;
				GENERATE_INFOPLIST_FILE = YES;
				INFOPLIST_KEY_UIApplicationSceneManifest_Generation = YES;
				INFOPLIST_KEY_UIApplicationSupportsIndirectInputEvents = YES;
				INFOPLIST_KEY_UILaunchScreen_Generation = YES;
				INFOPLIST_KEY_UISupportedInterfaceOrientations_iPad = "UIInterfaceOrientationPortrait UIInterfaceOrientationPortraitUpsideDown UIInterfaceOrientationLandscapeLeft UIInterfaceOrientationLandscapeRight";
				INFOPLIST_KEY_UISupportedInterfaceOrientations_iPhone = "UIInterfaceOrientationPortrait UIInterfaceOrientationLandscapeLeft UIInterfaceOrientationLandscapeRight";
				LD_RUNPATH_SEARCH_PATHS = (
					"$(inherited)",
					"@executable_path/Frameworks",
				);
				MARKETING_VERSION = 1.0;
				PRODUCT_BUNDLE_IDENTIFIER = "com.My-Orders";
				PRODUCT_NAME = "$(TARGET_NAME)";
				SWIFT_EMIT_LOC_STRINGS = YES;
				SWIFT_VERSION = 5.0;
				TARGETED_DEVICE_FAMILY = "1,2";
			};
			name = Release;
		};
		D6F6A3552AC593FA002ECA81 /* Debug */ = {
			isa = XCBuildConfiguration;
			buildSettings = {
				ALWAYS_EMBED_SWIFT_STANDARD_LIBRARIES = YES;
				BUNDLE_LOADER = "$(TEST_HOST)";
				CODE_SIGN_STYLE = Automatic;
				CURRENT_PROJECT_VERSION = 1;
				GENERATE_INFOPLIST_FILE = YES;
				IPHONEOS_DEPLOYMENT_TARGET = 16.4;
				MARKETING_VERSION = 1.0;
				PRODUCT_BUNDLE_IDENTIFIER = "com.My-OrdersTests";
				PRODUCT_NAME = "$(TARGET_NAME)";
				SWIFT_EMIT_LOC_STRINGS = NO;
				SWIFT_VERSION = 5.0;
				TARGETED_DEVICE_FAMILY = "1,2";
				TEST_HOST = "$(BUILT_PRODUCTS_DIR)/My Orders.app/$(BUNDLE_EXECUTABLE_FOLDER_PATH)/My Orders";
			};
			name = Debug;
		};
		D6F6A3562AC593FA002ECA81 /* Release */ = {
			isa = XCBuildConfiguration;
			buildSettings = {
				ALWAYS_EMBED_SWIFT_STANDARD_LIBRARIES = YES;
				BUNDLE_LOADER = "$(TEST_HOST)";
				CODE_SIGN_STYLE = Automatic;
				CURRENT_PROJECT_VERSION = 1;
				GENERATE_INFOPLIST_FILE = YES;
				IPHONEOS_DEPLOYMENT_TARGET = 16.4;
				MARKETING_VERSION = 1.0;
				PRODUCT_BUNDLE_IDENTIFIER = "com.My-OrdersTests";
				PRODUCT_NAME = "$(TARGET_NAME)";
				SWIFT_EMIT_LOC_STRINGS = NO;
				SWIFT_VERSION = 5.0;
				TARGETED_DEVICE_FAMILY = "1,2";
				TEST_HOST = "$(BUILT_PRODUCTS_DIR)/My Orders.app/$(BUNDLE_EXECUTABLE_FOLDER_PATH)/My Orders";
			};
			name = Release;
		};
		D6F6A3582AC593FA002ECA81 /* Debug */ = {
			isa = XCBuildConfiguration;
			buildSettings = {
				ALWAYS_EMBED_SWIFT_STANDARD_LIBRARIES = YES;
				CODE_SIGN_STYLE = Automatic;
				CURRENT_PROJECT_VERSION = 1;
				GENERATE_INFOPLIST_FILE = YES;
				MARKETING_VERSION = 1.0;
				PRODUCT_BUNDLE_IDENTIFIER = "com.My-OrdersUITests";
				PRODUCT_NAME = "$(TARGET_NAME)";
				SWIFT_EMIT_LOC_STRINGS = NO;
				SWIFT_VERSION = 5.0;
				TARGETED_DEVICE_FAMILY = "1,2";
				TEST_TARGET_NAME = "My Orders";
			};
			name = Debug;
		};
		D6F6A3592AC593FA002ECA81 /* Release */ = {
			isa = XCBuildConfiguration;
			buildSettings = {
				ALWAYS_EMBED_SWIFT_STANDARD_LIBRARIES = YES;
				CODE_SIGN_STYLE = Automatic;
				CURRENT_PROJECT_VERSION = 1;
				GENERATE_INFOPLIST_FILE = YES;
				MARKETING_VERSION = 1.0;
				PRODUCT_BUNDLE_IDENTIFIER = "com.My-OrdersUITests";
				PRODUCT_NAME = "$(TARGET_NAME)";
				SWIFT_EMIT_LOC_STRINGS = NO;
				SWIFT_VERSION = 5.0;
				TARGETED_DEVICE_FAMILY = "1,2";
				TEST_TARGET_NAME = "My Orders";
			};
			name = Release;
		};
/* End XCBuildConfiguration section */

/* Begin XCConfigurationList section */
		D6F6A3282AC593F8002ECA81 /* Build configuration list for PBXProject "My Orders" */ = {
			isa = XCConfigurationList;
			buildConfigurations = (
				D6F6A34F2AC593FA002ECA81 /* Debug */,
				D6F6A3502AC593FA002ECA81 /* Release */,
			);
			defaultConfigurationIsVisible = 0;
			defaultConfigurationName = Release;
		};
		D6F6A3512AC593FA002ECA81 /* Build configuration list for PBXNativeTarget "My Orders" */ = {
			isa = XCConfigurationList;
			buildConfigurations = (
				D6F6A3522AC593FA002ECA81 /* Debug */,
				D6F6A3532AC593FA002ECA81 /* Release */,
			);
			defaultConfigurationIsVisible = 0;
			defaultConfigurationName = Release;
		};
		D6F6A3542AC593FA002ECA81 /* Build configuration list for PBXNativeTarget "My OrdersTests" */ = {
			isa = XCConfigurationList;
			buildConfigurations = (
				D6F6A3552AC593FA002ECA81 /* Debug */,
				D6F6A3562AC593FA002ECA81 /* Release */,
			);
			defaultConfigurationIsVisible = 0;
			defaultConfigurationName = Release;
		};
		D6F6A3572AC593FA002ECA81 /* Build configuration list for PBXNativeTarget "My OrdersUITests" */ = {
			isa = XCConfigurationList;
			buildConfigurations = (
				D6F6A3582AC593FA002ECA81 /* Debug */,
				D6F6A3592AC593FA002ECA81 /* Release */,
			);
			defaultConfigurationIsVisible = 0;
			defaultConfigurationName = Release;
		};
/* End XCConfigurationList section */
	};
	rootObject = D6F6A3252AC593F8002ECA81 /* Project object */;
}
